// !$*UTF8*$!
{
	archiveVersion = 1;
	classes = {
	};
	objectVersion = 46;
	objects = {

/* Begin PBXBuildFile section */
		0091D8F90E81B9330029341E /* OpenGL.framework in Frameworks */ = {isa = PBXBuildFile; fileRef = 0091D8F80E81B9330029341E /* OpenGL.framework */; };
		00B784B30FF439BC000DE1D7 /* Accelerate.framework in Frameworks */ = {isa = PBXBuildFile; fileRef = 00B784AF0FF439BC000DE1D7 /* Accelerate.framework */; };
		00B784B40FF439BC000DE1D7 /* AudioToolbox.framework in Frameworks */ = {isa = PBXBuildFile; fileRef = 00B784B00FF439BC000DE1D7 /* AudioToolbox.framework */; };
		00B784B50FF439BC000DE1D7 /* AudioUnit.framework in Frameworks */ = {isa = PBXBuildFile; fileRef = 00B784B10FF439BC000DE1D7 /* AudioUnit.framework */; };
		00B784B60FF439BC000DE1D7 /* CoreAudio.framework in Frameworks */ = {isa = PBXBuildFile; fileRef = 00B784B20FF439BC000DE1D7 /* CoreAudio.framework */; };
		1DC7386886D84531B3464237 /* cApp.cpp in Sources */ = {isa = PBXBuildFile; fileRef = EAC8884F488D48948C266D0F /* cApp.cpp */; };
		5323E6B20EAFCA74003A9687 /* CoreVideo.framework in Frameworks */ = {isa = PBXBuildFile; fileRef = 5323E6B10EAFCA74003A9687 /* CoreVideo.framework */; };
		5323E6B60EAFCA7E003A9687 /* QTKit.framework in Frameworks */ = {isa = PBXBuildFile; fileRef = 5323E6B50EAFCA7E003A9687 /* QTKit.framework */; };
		6A908C691A7F45BB003A1461 /* cApp.cpp in Sources */ = {isa = PBXBuildFile; fileRef = EAC8884F488D48948C266D0F /* cApp.cpp */; };
		6A908C6B1A7F45BB003A1461 /* Cocoa.framework in Frameworks */ = {isa = PBXBuildFile; fileRef = 1058C7A1FEA54F0111CA2CBB /* Cocoa.framework */; };
		6A908C6C1A7F45BB003A1461 /* OpenGL.framework in Frameworks */ = {isa = PBXBuildFile; fileRef = 0091D8F80E81B9330029341E /* OpenGL.framework */; };
		6A908C6D1A7F45BB003A1461 /* CoreVideo.framework in Frameworks */ = {isa = PBXBuildFile; fileRef = 5323E6B10EAFCA74003A9687 /* CoreVideo.framework */; };
		6A908C6E1A7F45BB003A1461 /* QTKit.framework in Frameworks */ = {isa = PBXBuildFile; fileRef = 5323E6B50EAFCA7E003A9687 /* QTKit.framework */; };
		6A908C6F1A7F45BB003A1461 /* Accelerate.framework in Frameworks */ = {isa = PBXBuildFile; fileRef = 00B784AF0FF439BC000DE1D7 /* Accelerate.framework */; };
		6A908C701A7F45BB003A1461 /* AudioToolbox.framework in Frameworks */ = {isa = PBXBuildFile; fileRef = 00B784B00FF439BC000DE1D7 /* AudioToolbox.framework */; };
		6A908C711A7F45BB003A1461 /* AudioUnit.framework in Frameworks */ = {isa = PBXBuildFile; fileRef = 00B784B10FF439BC000DE1D7 /* AudioUnit.framework */; };
		6A908C721A7F45BB003A1461 /* CoreAudio.framework in Frameworks */ = {isa = PBXBuildFile; fileRef = 00B784B20FF439BC000DE1D7 /* CoreAudio.framework */; };
		846EA22C1A80F85600056C69 /* Info.plist in Resources */ = {isa = PBXBuildFile; fileRef = 846EA22B1A80F85600056C69 /* Info.plist */; };
		846EA22D1A80F85600056C69 /* Info.plist in Resources */ = {isa = PBXBuildFile; fileRef = 846EA22B1A80F85600056C69 /* Info.plist */; };
		846EA2301A80F8B300056C69 /* Info.plist in Resources */ = {isa = PBXBuildFile; fileRef = 846EA22B1A80F85600056C69 /* Info.plist */; };
		846EA2321A80F8B300056C69 /* cApp.cpp in Sources */ = {isa = PBXBuildFile; fileRef = EAC8884F488D48948C266D0F /* cApp.cpp */; };
		846EA2341A80F8B300056C69 /* Cocoa.framework in Frameworks */ = {isa = PBXBuildFile; fileRef = 1058C7A1FEA54F0111CA2CBB /* Cocoa.framework */; };
		846EA2351A80F8B300056C69 /* OpenGL.framework in Frameworks */ = {isa = PBXBuildFile; fileRef = 0091D8F80E81B9330029341E /* OpenGL.framework */; };
		846EA2361A80F8B300056C69 /* CoreVideo.framework in Frameworks */ = {isa = PBXBuildFile; fileRef = 5323E6B10EAFCA74003A9687 /* CoreVideo.framework */; };
		846EA2371A80F8B300056C69 /* QTKit.framework in Frameworks */ = {isa = PBXBuildFile; fileRef = 5323E6B50EAFCA7E003A9687 /* QTKit.framework */; };
		846EA2381A80F8B300056C69 /* Accelerate.framework in Frameworks */ = {isa = PBXBuildFile; fileRef = 00B784AF0FF439BC000DE1D7 /* Accelerate.framework */; };
		846EA2391A80F8B300056C69 /* AudioToolbox.framework in Frameworks */ = {isa = PBXBuildFile; fileRef = 00B784B00FF439BC000DE1D7 /* AudioToolbox.framework */; };
		846EA23A1A80F8B300056C69 /* AudioUnit.framework in Frameworks */ = {isa = PBXBuildFile; fileRef = 00B784B10FF439BC000DE1D7 /* AudioUnit.framework */; };
		846EA23B1A80F8B300056C69 /* CoreAudio.framework in Frameworks */ = {isa = PBXBuildFile; fileRef = 00B784B20FF439BC000DE1D7 /* CoreAudio.framework */; };
		846EA2431A80F90000056C69 /* Info.plist in Resources */ = {isa = PBXBuildFile; fileRef = 846EA22B1A80F85600056C69 /* Info.plist */; };
		846EA2451A80F90000056C69 /* cApp.cpp in Sources */ = {isa = PBXBuildFile; fileRef = EAC8884F488D48948C266D0F /* cApp.cpp */; };
		846EA2471A80F90000056C69 /* Cocoa.framework in Frameworks */ = {isa = PBXBuildFile; fileRef = 1058C7A1FEA54F0111CA2CBB /* Cocoa.framework */; };
		846EA2481A80F90000056C69 /* OpenGL.framework in Frameworks */ = {isa = PBXBuildFile; fileRef = 0091D8F80E81B9330029341E /* OpenGL.framework */; };
		846EA2491A80F90000056C69 /* CoreVideo.framework in Frameworks */ = {isa = PBXBuildFile; fileRef = 5323E6B10EAFCA74003A9687 /* CoreVideo.framework */; };
		846EA24A1A80F90000056C69 /* QTKit.framework in Frameworks */ = {isa = PBXBuildFile; fileRef = 5323E6B50EAFCA7E003A9687 /* QTKit.framework */; };
		846EA24B1A80F90000056C69 /* Accelerate.framework in Frameworks */ = {isa = PBXBuildFile; fileRef = 00B784AF0FF439BC000DE1D7 /* Accelerate.framework */; };
		846EA24C1A80F90000056C69 /* AudioToolbox.framework in Frameworks */ = {isa = PBXBuildFile; fileRef = 00B784B00FF439BC000DE1D7 /* AudioToolbox.framework */; };
		846EA24D1A80F90000056C69 /* AudioUnit.framework in Frameworks */ = {isa = PBXBuildFile; fileRef = 00B784B10FF439BC000DE1D7 /* AudioUnit.framework */; };
		846EA24E1A80F90000056C69 /* CoreAudio.framework in Frameworks */ = {isa = PBXBuildFile; fileRef = 00B784B20FF439BC000DE1D7 /* CoreAudio.framework */; };
		846EA2D11A80FA0900056C69 /* condition_variable in Resources */ = {isa = PBXBuildFile; fileRef = 846EA2641A80FA0900056C69 /* condition_variable */; };
		846EA2D21A80FA0900056C69 /* condition_variable in Resources */ = {isa = PBXBuildFile; fileRef = 846EA2641A80FA0900056C69 /* condition_variable */; };
		846EA2D31A80FA0900056C69 /* condition_variable in Resources */ = {isa = PBXBuildFile; fileRef = 846EA2641A80FA0900056C69 /* condition_variable */; };
		846EA2D41A80FA0900056C69 /* condition_variable in Resources */ = {isa = PBXBuildFile; fileRef = 846EA2641A80FA0900056C69 /* condition_variable */; };
		846EA2D51A80FA0900056C69 /* thread in Resources */ = {isa = PBXBuildFile; fileRef = 846EA2661A80FA0900056C69 /* thread */; };
		846EA2D61A80FA0900056C69 /* thread in Resources */ = {isa = PBXBuildFile; fileRef = 846EA2661A80FA0900056C69 /* thread */; };
		846EA2D71A80FA0900056C69 /* thread in Resources */ = {isa = PBXBuildFile; fileRef = 846EA2661A80FA0900056C69 /* thread */; };
		846EA2D81A80FA0900056C69 /* thread in Resources */ = {isa = PBXBuildFile; fileRef = 846EA2661A80FA0900056C69 /* thread */; };
		846EA2D91A80FA0900056C69 /* tuple in Resources */ = {isa = PBXBuildFile; fileRef = 846EA2671A80FA0900056C69 /* tuple */; };
		846EA2DA1A80FA0900056C69 /* tuple in Resources */ = {isa = PBXBuildFile; fileRef = 846EA2671A80FA0900056C69 /* tuple */; };
		846EA2DB1A80FA0900056C69 /* tuple in Resources */ = {isa = PBXBuildFile; fileRef = 846EA2671A80FA0900056C69 /* tuple */; };
		846EA2DC1A80FA0900056C69 /* tuple in Resources */ = {isa = PBXBuildFile; fileRef = 846EA2671A80FA0900056C69 /* tuple */; };
		846EA2DD1A80FA0900056C69 /* index.html in Resources */ = {isa = PBXBuildFile; fileRef = 846EA2721A80FA0900056C69 /* index.html */; };
		846EA2DE1A80FA0900056C69 /* index.html in Resources */ = {isa = PBXBuildFile; fileRef = 846EA2721A80FA0900056C69 /* index.html */; };
		846EA2DF1A80FA0900056C69 /* index.html in Resources */ = {isa = PBXBuildFile; fileRef = 846EA2721A80FA0900056C69 /* index.html */; };
		846EA2E01A80FA0900056C69 /* index.html in Resources */ = {isa = PBXBuildFile; fileRef = 846EA2721A80FA0900056C69 /* index.html */; };
		846EA2E11A80FA0900056C69 /* libtbb.dylib in Frameworks */ = {isa = PBXBuildFile; fileRef = 846EA2C11A80FA0900056C69 /* libtbb.dylib */; };
		846EA2E21A80FA0A00056C69 /* libtbb.dylib in Frameworks */ = {isa = PBXBuildFile; fileRef = 846EA2C11A80FA0900056C69 /* libtbb.dylib */; };
		846EA2E31A80FA0A00056C69 /* libtbb.dylib in Frameworks */ = {isa = PBXBuildFile; fileRef = 846EA2C11A80FA0900056C69 /* libtbb.dylib */; };
		846EA2E41A80FA0A00056C69 /* libtbb.dylib in Frameworks */ = {isa = PBXBuildFile; fileRef = 846EA2C11A80FA0900056C69 /* libtbb.dylib */; };
		846EA2E51A80FA0A00056C69 /* libtbb_debug.dylib in Frameworks */ = {isa = PBXBuildFile; fileRef = 846EA2C21A80FA0900056C69 /* libtbb_debug.dylib */; };
		846EA2E61A80FA0A00056C69 /* libtbb_debug.dylib in Frameworks */ = {isa = PBXBuildFile; fileRef = 846EA2C21A80FA0900056C69 /* libtbb_debug.dylib */; };
		846EA2E71A80FA0A00056C69 /* libtbb_debug.dylib in Frameworks */ = {isa = PBXBuildFile; fileRef = 846EA2C21A80FA0900056C69 /* libtbb_debug.dylib */; };
		846EA2E81A80FA0A00056C69 /* libtbb_debug.dylib in Frameworks */ = {isa = PBXBuildFile; fileRef = 846EA2C21A80FA0900056C69 /* libtbb_debug.dylib */; };
		846EA2E91A80FA0A00056C69 /* libtbb_preview.dylib in Frameworks */ = {isa = PBXBuildFile; fileRef = 846EA2C31A80FA0900056C69 /* libtbb_preview.dylib */; };
		846EA2EA1A80FA0A00056C69 /* libtbb_preview.dylib in Frameworks */ = {isa = PBXBuildFile; fileRef = 846EA2C31A80FA0900056C69 /* libtbb_preview.dylib */; };
		846EA2EB1A80FA0A00056C69 /* libtbb_preview.dylib in Frameworks */ = {isa = PBXBuildFile; fileRef = 846EA2C31A80FA0900056C69 /* libtbb_preview.dylib */; };
		846EA2EC1A80FA0A00056C69 /* libtbb_preview.dylib in Frameworks */ = {isa = PBXBuildFile; fileRef = 846EA2C31A80FA0900056C69 /* libtbb_preview.dylib */; };
		846EA2ED1A80FA0A00056C69 /* libtbb_preview_debug.dylib in Frameworks */ = {isa = PBXBuildFile; fileRef = 846EA2C41A80FA0900056C69 /* libtbb_preview_debug.dylib */; };
		846EA2EE1A80FA0A00056C69 /* libtbb_preview_debug.dylib in Frameworks */ = {isa = PBXBuildFile; fileRef = 846EA2C41A80FA0900056C69 /* libtbb_preview_debug.dylib */; };
		846EA2EF1A80FA0A00056C69 /* libtbb_preview_debug.dylib in Frameworks */ = {isa = PBXBuildFile; fileRef = 846EA2C41A80FA0900056C69 /* libtbb_preview_debug.dylib */; };
		846EA2F01A80FA0A00056C69 /* libtbb_preview_debug.dylib in Frameworks */ = {isa = PBXBuildFile; fileRef = 846EA2C41A80FA0900056C69 /* libtbb_preview_debug.dylib */; };
		846EA2F11A80FA0A00056C69 /* libtbbmalloc.dylib in Frameworks */ = {isa = PBXBuildFile; fileRef = 846EA2C51A80FA0900056C69 /* libtbbmalloc.dylib */; };
		846EA2F21A80FA0A00056C69 /* libtbbmalloc.dylib in Frameworks */ = {isa = PBXBuildFile; fileRef = 846EA2C51A80FA0900056C69 /* libtbbmalloc.dylib */; };
		846EA2F31A80FA0A00056C69 /* libtbbmalloc.dylib in Frameworks */ = {isa = PBXBuildFile; fileRef = 846EA2C51A80FA0900056C69 /* libtbbmalloc.dylib */; };
		846EA2F41A80FA0A00056C69 /* libtbbmalloc.dylib in Frameworks */ = {isa = PBXBuildFile; fileRef = 846EA2C51A80FA0900056C69 /* libtbbmalloc.dylib */; };
		846EA2F51A80FA0A00056C69 /* libtbbmalloc_debug.dylib in Frameworks */ = {isa = PBXBuildFile; fileRef = 846EA2C61A80FA0900056C69 /* libtbbmalloc_debug.dylib */; };
		846EA2F61A80FA0A00056C69 /* libtbbmalloc_debug.dylib in Frameworks */ = {isa = PBXBuildFile; fileRef = 846EA2C61A80FA0900056C69 /* libtbbmalloc_debug.dylib */; };
		846EA2F71A80FA0A00056C69 /* libtbbmalloc_debug.dylib in Frameworks */ = {isa = PBXBuildFile; fileRef = 846EA2C61A80FA0900056C69 /* libtbbmalloc_debug.dylib */; };
		846EA2F81A80FA0A00056C69 /* libtbbmalloc_debug.dylib in Frameworks */ = {isa = PBXBuildFile; fileRef = 846EA2C61A80FA0900056C69 /* libtbbmalloc_debug.dylib */; };
		846EA2F91A80FA0A00056C69 /* libtbbmalloc_proxy.dylib in Frameworks */ = {isa = PBXBuildFile; fileRef = 846EA2C71A80FA0900056C69 /* libtbbmalloc_proxy.dylib */; };
		846EA2FA1A80FA0A00056C69 /* libtbbmalloc_proxy.dylib in Frameworks */ = {isa = PBXBuildFile; fileRef = 846EA2C71A80FA0900056C69 /* libtbbmalloc_proxy.dylib */; };
		846EA2FB1A80FA0A00056C69 /* libtbbmalloc_proxy.dylib in Frameworks */ = {isa = PBXBuildFile; fileRef = 846EA2C71A80FA0900056C69 /* libtbbmalloc_proxy.dylib */; };
		846EA2FC1A80FA0A00056C69 /* libtbbmalloc_proxy.dylib in Frameworks */ = {isa = PBXBuildFile; fileRef = 846EA2C71A80FA0900056C69 /* libtbbmalloc_proxy.dylib */; };
		846EA2FD1A80FA0A00056C69 /* libtbbmalloc_proxy_debug.dylib in Frameworks */ = {isa = PBXBuildFile; fileRef = 846EA2C81A80FA0900056C69 /* libtbbmalloc_proxy_debug.dylib */; };
		846EA2FE1A80FA0A00056C69 /* libtbbmalloc_proxy_debug.dylib in Frameworks */ = {isa = PBXBuildFile; fileRef = 846EA2C81A80FA0900056C69 /* libtbbmalloc_proxy_debug.dylib */; };
		846EA2FF1A80FA0A00056C69 /* libtbbmalloc_proxy_debug.dylib in Frameworks */ = {isa = PBXBuildFile; fileRef = 846EA2C81A80FA0900056C69 /* libtbbmalloc_proxy_debug.dylib */; };
		846EA3001A80FA0A00056C69 /* libtbbmalloc_proxy_debug.dylib in Frameworks */ = {isa = PBXBuildFile; fileRef = 846EA2C81A80FA0900056C69 /* libtbbmalloc_proxy_debug.dylib */; };
		846EA3011A80FA0A00056C69 /* libtbb.dylib in Frameworks */ = {isa = PBXBuildFile; fileRef = 846EA2C91A80FA0900056C69 /* libtbb.dylib */; };
		846EA3021A80FA0A00056C69 /* libtbb.dylib in Frameworks */ = {isa = PBXBuildFile; fileRef = 846EA2C91A80FA0900056C69 /* libtbb.dylib */; };
		846EA3031A80FA0A00056C69 /* libtbb.dylib in Frameworks */ = {isa = PBXBuildFile; fileRef = 846EA2C91A80FA0900056C69 /* libtbb.dylib */; };
		846EA3041A80FA0A00056C69 /* libtbb.dylib in Frameworks */ = {isa = PBXBuildFile; fileRef = 846EA2C91A80FA0900056C69 /* libtbb.dylib */; };
		846EA3051A80FA0A00056C69 /* libtbb_debug.dylib in Frameworks */ = {isa = PBXBuildFile; fileRef = 846EA2CA1A80FA0900056C69 /* libtbb_debug.dylib */; };
		846EA3061A80FA0A00056C69 /* libtbb_debug.dylib in Frameworks */ = {isa = PBXBuildFile; fileRef = 846EA2CA1A80FA0900056C69 /* libtbb_debug.dylib */; };
		846EA3071A80FA0A00056C69 /* libtbb_debug.dylib in Frameworks */ = {isa = PBXBuildFile; fileRef = 846EA2CA1A80FA0900056C69 /* libtbb_debug.dylib */; };
		846EA3081A80FA0A00056C69 /* libtbb_debug.dylib in Frameworks */ = {isa = PBXBuildFile; fileRef = 846EA2CA1A80FA0900056C69 /* libtbb_debug.dylib */; };
		846EA3091A80FA0A00056C69 /* libtbb_preview.dylib in Frameworks */ = {isa = PBXBuildFile; fileRef = 846EA2CB1A80FA0900056C69 /* libtbb_preview.dylib */; };
		846EA30A1A80FA0A00056C69 /* libtbb_preview.dylib in Frameworks */ = {isa = PBXBuildFile; fileRef = 846EA2CB1A80FA0900056C69 /* libtbb_preview.dylib */; };
		846EA30B1A80FA0A00056C69 /* libtbb_preview.dylib in Frameworks */ = {isa = PBXBuildFile; fileRef = 846EA2CB1A80FA0900056C69 /* libtbb_preview.dylib */; };
		846EA30C1A80FA0A00056C69 /* libtbb_preview.dylib in Frameworks */ = {isa = PBXBuildFile; fileRef = 846EA2CB1A80FA0900056C69 /* libtbb_preview.dylib */; };
		846EA30D1A80FA0A00056C69 /* libtbb_preview_debug.dylib in Frameworks */ = {isa = PBXBuildFile; fileRef = 846EA2CC1A80FA0900056C69 /* libtbb_preview_debug.dylib */; };
		846EA30E1A80FA0A00056C69 /* libtbb_preview_debug.dylib in Frameworks */ = {isa = PBXBuildFile; fileRef = 846EA2CC1A80FA0900056C69 /* libtbb_preview_debug.dylib */; };
		846EA30F1A80FA0A00056C69 /* libtbb_preview_debug.dylib in Frameworks */ = {isa = PBXBuildFile; fileRef = 846EA2CC1A80FA0900056C69 /* libtbb_preview_debug.dylib */; };
		846EA3101A80FA0A00056C69 /* libtbb_preview_debug.dylib in Frameworks */ = {isa = PBXBuildFile; fileRef = 846EA2CC1A80FA0900056C69 /* libtbb_preview_debug.dylib */; };
		846EA3111A80FA0A00056C69 /* libtbbmalloc.dylib in Frameworks */ = {isa = PBXBuildFile; fileRef = 846EA2CD1A80FA0900056C69 /* libtbbmalloc.dylib */; };
		846EA3121A80FA0A00056C69 /* libtbbmalloc.dylib in Frameworks */ = {isa = PBXBuildFile; fileRef = 846EA2CD1A80FA0900056C69 /* libtbbmalloc.dylib */; };
		846EA3131A80FA0A00056C69 /* libtbbmalloc.dylib in Frameworks */ = {isa = PBXBuildFile; fileRef = 846EA2CD1A80FA0900056C69 /* libtbbmalloc.dylib */; };
		846EA3141A80FA0A00056C69 /* libtbbmalloc.dylib in Frameworks */ = {isa = PBXBuildFile; fileRef = 846EA2CD1A80FA0900056C69 /* libtbbmalloc.dylib */; };
		846EA3151A80FA0A00056C69 /* libtbbmalloc_debug.dylib in Frameworks */ = {isa = PBXBuildFile; fileRef = 846EA2CE1A80FA0900056C69 /* libtbbmalloc_debug.dylib */; };
		846EA3161A80FA0A00056C69 /* libtbbmalloc_debug.dylib in Frameworks */ = {isa = PBXBuildFile; fileRef = 846EA2CE1A80FA0900056C69 /* libtbbmalloc_debug.dylib */; };
		846EA3171A80FA0A00056C69 /* libtbbmalloc_debug.dylib in Frameworks */ = {isa = PBXBuildFile; fileRef = 846EA2CE1A80FA0900056C69 /* libtbbmalloc_debug.dylib */; };
		846EA3181A80FA0A00056C69 /* libtbbmalloc_debug.dylib in Frameworks */ = {isa = PBXBuildFile; fileRef = 846EA2CE1A80FA0900056C69 /* libtbbmalloc_debug.dylib */; };
		846EA3191A80FA0A00056C69 /* libtbbmalloc_proxy.dylib in Frameworks */ = {isa = PBXBuildFile; fileRef = 846EA2CF1A80FA0900056C69 /* libtbbmalloc_proxy.dylib */; };
		846EA31A1A80FA0A00056C69 /* libtbbmalloc_proxy.dylib in Frameworks */ = {isa = PBXBuildFile; fileRef = 846EA2CF1A80FA0900056C69 /* libtbbmalloc_proxy.dylib */; };
		846EA31B1A80FA0A00056C69 /* libtbbmalloc_proxy.dylib in Frameworks */ = {isa = PBXBuildFile; fileRef = 846EA2CF1A80FA0900056C69 /* libtbbmalloc_proxy.dylib */; };
		846EA31C1A80FA0A00056C69 /* libtbbmalloc_proxy.dylib in Frameworks */ = {isa = PBXBuildFile; fileRef = 846EA2CF1A80FA0900056C69 /* libtbbmalloc_proxy.dylib */; };
		846EA31D1A80FA0A00056C69 /* libtbbmalloc_proxy_debug.dylib in Frameworks */ = {isa = PBXBuildFile; fileRef = 846EA2D01A80FA0900056C69 /* libtbbmalloc_proxy_debug.dylib */; };
		846EA31E1A80FA0A00056C69 /* libtbbmalloc_proxy_debug.dylib in Frameworks */ = {isa = PBXBuildFile; fileRef = 846EA2D01A80FA0900056C69 /* libtbbmalloc_proxy_debug.dylib */; };
		846EA31F1A80FA0A00056C69 /* libtbbmalloc_proxy_debug.dylib in Frameworks */ = {isa = PBXBuildFile; fileRef = 846EA2D01A80FA0900056C69 /* libtbbmalloc_proxy_debug.dylib */; };
		846EA3201A80FA0A00056C69 /* libtbbmalloc_proxy_debug.dylib in Frameworks */ = {isa = PBXBuildFile; fileRef = 846EA2D01A80FA0900056C69 /* libtbbmalloc_proxy_debug.dylib */; };
		8D11072F0486CEB800E47090 /* Cocoa.framework in Frameworks */ = {isa = PBXBuildFile; fileRef = 1058C7A1FEA54F0111CA2CBB /* Cocoa.framework */; };
/* End PBXBuildFile section */

/* Begin PBXFileReference section */
		0091D8F80E81B9330029341E /* OpenGL.framework */ = {isa = PBXFileReference; lastKnownFileType = wrapper.framework; name = OpenGL.framework; path = /System/Library/Frameworks/OpenGL.framework; sourceTree = "<absolute>"; };
		00B784AF0FF439BC000DE1D7 /* Accelerate.framework */ = {isa = PBXFileReference; lastKnownFileType = wrapper.framework; name = Accelerate.framework; path = System/Library/Frameworks/Accelerate.framework; sourceTree = SDKROOT; };
		00B784B00FF439BC000DE1D7 /* AudioToolbox.framework */ = {isa = PBXFileReference; lastKnownFileType = wrapper.framework; name = AudioToolbox.framework; path = System/Library/Frameworks/AudioToolbox.framework; sourceTree = SDKROOT; };
		00B784B10FF439BC000DE1D7 /* AudioUnit.framework */ = {isa = PBXFileReference; lastKnownFileType = wrapper.framework; name = AudioUnit.framework; path = System/Library/Frameworks/AudioUnit.framework; sourceTree = SDKROOT; };
		00B784B20FF439BC000DE1D7 /* CoreAudio.framework */ = {isa = PBXFileReference; lastKnownFileType = wrapper.framework; name = CoreAudio.framework; path = System/Library/Frameworks/CoreAudio.framework; sourceTree = SDKROOT; };
		1058C7A1FEA54F0111CA2CBB /* Cocoa.framework */ = {isa = PBXFileReference; lastKnownFileType = wrapper.framework; name = Cocoa.framework; path = /System/Library/Frameworks/Cocoa.framework; sourceTree = "<absolute>"; };
		29B97324FDCFA39411CA2CEA /* AppKit.framework */ = {isa = PBXFileReference; lastKnownFileType = wrapper.framework; name = AppKit.framework; path = /System/Library/Frameworks/AppKit.framework; sourceTree = "<absolute>"; };
		29B97325FDCFA39411CA2CEA /* Foundation.framework */ = {isa = PBXFileReference; lastKnownFileType = wrapper.framework; name = Foundation.framework; path = /System/Library/Frameworks/Foundation.framework; sourceTree = "<absolute>"; };
		5323E6B10EAFCA74003A9687 /* CoreVideo.framework */ = {isa = PBXFileReference; lastKnownFileType = wrapper.framework; name = CoreVideo.framework; path = /System/Library/Frameworks/CoreVideo.framework; sourceTree = "<absolute>"; };
		5323E6B50EAFCA7E003A9687 /* QTKit.framework */ = {isa = PBXFileReference; lastKnownFileType = wrapper.framework; name = QTKit.framework; path = /System/Library/Frameworks/QTKit.framework; sourceTree = "<absolute>"; };
		6A908C761A7F45BB003A1461 /* app.b_debug.app */ = {isa = PBXFileReference; explicitFileType = wrapper.application; includeInIndex = 0; path = app.b_debug.app; sourceTree = BUILT_PRODUCTS_DIR; };
		6A908C851A7F5261003A1461 /* Exporter.h */ = {isa = PBXFileReference; fileEncoding = 4; lastKnownFileType = sourcecode.c.h; path = Exporter.h; sourceTree = "<group>"; };
		6A908C861A7F5261003A1461 /* csUtil.h */ = {isa = PBXFileReference; fileEncoding = 4; lastKnownFileType = sourcecode.c.h; path = csUtil.h; sourceTree = "<group>"; };
		846EA22B1A80F85600056C69 /* Info.plist */ = {isa = PBXFileReference; fileEncoding = 4; lastKnownFileType = text.plist.xml; path = Info.plist; sourceTree = "<group>"; };
		846EA23F1A80F8B300056C69 /* app.c_debug.app */ = {isa = PBXFileReference; explicitFileType = wrapper.application; includeInIndex = 0; path = app.c_debug.app; sourceTree = BUILT_PRODUCTS_DIR; };
		846EA2521A80F90000056C69 /* app.d_debug.app */ = {isa = PBXFileReference; explicitFileType = wrapper.application; includeInIndex = 0; path = app.d_debug.app; sourceTree = BUILT_PRODUCTS_DIR; };
		846EA2581A80FA0900056C69 /* parallel_for.h */ = {isa = PBXFileReference; fileEncoding = 4; lastKnownFileType = sourcecode.c.h; path = parallel_for.h; sourceTree = "<group>"; };
		846EA2591A80FA0900056C69 /* tbb_annotate.h */ = {isa = PBXFileReference; fileEncoding = 4; lastKnownFileType = sourcecode.c.h; path = tbb_annotate.h; sourceTree = "<group>"; };
		846EA25B1A80FA0900056C69 /* aggregator.h */ = {isa = PBXFileReference; fileEncoding = 4; lastKnownFileType = sourcecode.c.h; path = aggregator.h; sourceTree = "<group>"; };
		846EA25C1A80FA0900056C69 /* aligned_space.h */ = {isa = PBXFileReference; fileEncoding = 4; lastKnownFileType = sourcecode.c.h; path = aligned_space.h; sourceTree = "<group>"; };
		846EA25D1A80FA0900056C69 /* atomic.h */ = {isa = PBXFileReference; fileEncoding = 4; lastKnownFileType = sourcecode.c.h; path = atomic.h; sourceTree = "<group>"; };
		846EA25E1A80FA0900056C69 /* blocked_range.h */ = {isa = PBXFileReference; fileEncoding = 4; lastKnownFileType = sourcecode.c.h; path = blocked_range.h; sourceTree = "<group>"; };
		846EA25F1A80FA0900056C69 /* blocked_range2d.h */ = {isa = PBXFileReference; fileEncoding = 4; lastKnownFileType = sourcecode.c.h; path = blocked_range2d.h; sourceTree = "<group>"; };
		846EA2601A80FA0900056C69 /* blocked_range3d.h */ = {isa = PBXFileReference; fileEncoding = 4; lastKnownFileType = sourcecode.c.h; path = blocked_range3d.h; sourceTree = "<group>"; };
		846EA2611A80FA0900056C69 /* cache_aligned_allocator.h */ = {isa = PBXFileReference; fileEncoding = 4; lastKnownFileType = sourcecode.c.h; path = cache_aligned_allocator.h; sourceTree = "<group>"; };
		846EA2621A80FA0900056C69 /* combinable.h */ = {isa = PBXFileReference; fileEncoding = 4; lastKnownFileType = sourcecode.c.h; path = combinable.h; sourceTree = "<group>"; };
		846EA2641A80FA0900056C69 /* condition_variable */ = {isa = PBXFileReference; fileEncoding = 4; lastKnownFileType = text; path = condition_variable; sourceTree = "<group>"; };
		846EA2651A80FA0900056C69 /* ppl.h */ = {isa = PBXFileReference; fileEncoding = 4; lastKnownFileType = sourcecode.c.h; path = ppl.h; sourceTree = "<group>"; };
		846EA2661A80FA0900056C69 /* thread */ = {isa = PBXFileReference; fileEncoding = 4; lastKnownFileType = text; path = thread; sourceTree = "<group>"; };
		846EA2671A80FA0900056C69 /* tuple */ = {isa = PBXFileReference; fileEncoding = 4; lastKnownFileType = text; path = tuple; sourceTree = "<group>"; };
		846EA2681A80FA0900056C69 /* concurrent_hash_map.h */ = {isa = PBXFileReference; fileEncoding = 4; lastKnownFileType = sourcecode.c.h; path = concurrent_hash_map.h; sourceTree = "<group>"; };
		846EA2691A80FA0900056C69 /* concurrent_lru_cache.h */ = {isa = PBXFileReference; fileEncoding = 4; lastKnownFileType = sourcecode.c.h; path = concurrent_lru_cache.h; sourceTree = "<group>"; };
		846EA26A1A80FA0900056C69 /* concurrent_priority_queue.h */ = {isa = PBXFileReference; fileEncoding = 4; lastKnownFileType = sourcecode.c.h; path = concurrent_priority_queue.h; sourceTree = "<group>"; };
		846EA26B1A80FA0900056C69 /* concurrent_queue.h */ = {isa = PBXFileReference; fileEncoding = 4; lastKnownFileType = sourcecode.c.h; path = concurrent_queue.h; sourceTree = "<group>"; };
		846EA26C1A80FA0900056C69 /* concurrent_unordered_map.h */ = {isa = PBXFileReference; fileEncoding = 4; lastKnownFileType = sourcecode.c.h; path = concurrent_unordered_map.h; sourceTree = "<group>"; };
		846EA26D1A80FA0900056C69 /* concurrent_unordered_set.h */ = {isa = PBXFileReference; fileEncoding = 4; lastKnownFileType = sourcecode.c.h; path = concurrent_unordered_set.h; sourceTree = "<group>"; };
		846EA26E1A80FA0900056C69 /* concurrent_vector.h */ = {isa = PBXFileReference; fileEncoding = 4; lastKnownFileType = sourcecode.c.h; path = concurrent_vector.h; sourceTree = "<group>"; };
		846EA26F1A80FA0900056C69 /* critical_section.h */ = {isa = PBXFileReference; fileEncoding = 4; lastKnownFileType = sourcecode.c.h; path = critical_section.h; sourceTree = "<group>"; };
		846EA2701A80FA0900056C69 /* enumerable_thread_specific.h */ = {isa = PBXFileReference; fileEncoding = 4; lastKnownFileType = sourcecode.c.h; path = enumerable_thread_specific.h; sourceTree = "<group>"; };
		846EA2711A80FA0900056C69 /* flow_graph.h */ = {isa = PBXFileReference; fileEncoding = 4; lastKnownFileType = sourcecode.c.h; path = flow_graph.h; sourceTree = "<group>"; };
		846EA2721A80FA0900056C69 /* index.html */ = {isa = PBXFileReference; fileEncoding = 4; lastKnownFileType = text.html; path = index.html; sourceTree = "<group>"; };
		846EA2741A80FA0900056C69 /* _aggregator_impl.h */ = {isa = PBXFileReference; fileEncoding = 4; lastKnownFileType = sourcecode.c.h; path = _aggregator_impl.h; sourceTree = "<group>"; };
		846EA2751A80FA0900056C69 /* _concurrent_queue_impl.h */ = {isa = PBXFileReference; fileEncoding = 4; lastKnownFileType = sourcecode.c.h; path = _concurrent_queue_impl.h; sourceTree = "<group>"; };
		846EA2761A80FA0900056C69 /* _concurrent_unordered_impl.h */ = {isa = PBXFileReference; fileEncoding = 4; lastKnownFileType = sourcecode.c.h; path = _concurrent_unordered_impl.h; sourceTree = "<group>"; };
		846EA2771A80FA0900056C69 /* _flow_graph_impl.h */ = {isa = PBXFileReference; fileEncoding = 4; lastKnownFileType = sourcecode.c.h; path = _flow_graph_impl.h; sourceTree = "<group>"; };
		846EA2781A80FA0900056C69 /* _flow_graph_indexer_impl.h */ = {isa = PBXFileReference; fileEncoding = 4; lastKnownFileType = sourcecode.c.h; path = _flow_graph_indexer_impl.h; sourceTree = "<group>"; };
		846EA2791A80FA0900056C69 /* _flow_graph_item_buffer_impl.h */ = {isa = PBXFileReference; fileEncoding = 4; lastKnownFileType = sourcecode.c.h; path = _flow_graph_item_buffer_impl.h; sourceTree = "<group>"; };
		846EA27A1A80FA0900056C69 /* _flow_graph_join_impl.h */ = {isa = PBXFileReference; fileEncoding = 4; lastKnownFileType = sourcecode.c.h; path = _flow_graph_join_impl.h; sourceTree = "<group>"; };
		846EA27B1A80FA0900056C69 /* _flow_graph_node_impl.h */ = {isa = PBXFileReference; fileEncoding = 4; lastKnownFileType = sourcecode.c.h; path = _flow_graph_node_impl.h; sourceTree = "<group>"; };
		846EA27C1A80FA0900056C69 /* _flow_graph_tagged_buffer_impl.h */ = {isa = PBXFileReference; fileEncoding = 4; lastKnownFileType = sourcecode.c.h; path = _flow_graph_tagged_buffer_impl.h; sourceTree = "<group>"; };
		846EA27D1A80FA0900056C69 /* _flow_graph_trace_impl.h */ = {isa = PBXFileReference; fileEncoding = 4; lastKnownFileType = sourcecode.c.h; path = _flow_graph_trace_impl.h; sourceTree = "<group>"; };
		846EA27E1A80FA0900056C69 /* _flow_graph_types_impl.h */ = {isa = PBXFileReference; fileEncoding = 4; lastKnownFileType = sourcecode.c.h; path = _flow_graph_types_impl.h; sourceTree = "<group>"; };
		846EA27F1A80FA0900056C69 /* _mutex_padding.h */ = {isa = PBXFileReference; fileEncoding = 4; lastKnownFileType = sourcecode.c.h; path = _mutex_padding.h; sourceTree = "<group>"; };
		846EA2801A80FA0900056C69 /* _range_iterator.h */ = {isa = PBXFileReference; fileEncoding = 4; lastKnownFileType = sourcecode.c.h; path = _range_iterator.h; sourceTree = "<group>"; };
		846EA2811A80FA0900056C69 /* _tbb_strings.h */ = {isa = PBXFileReference; fileEncoding = 4; lastKnownFileType = sourcecode.c.h; path = _tbb_strings.h; sourceTree = "<group>"; };
		846EA2821A80FA0900056C69 /* _tbb_windef.h */ = {isa = PBXFileReference; fileEncoding = 4; lastKnownFileType = sourcecode.c.h; path = _tbb_windef.h; sourceTree = "<group>"; };
		846EA2831A80FA0900056C69 /* _x86_eliding_mutex_impl.h */ = {isa = PBXFileReference; fileEncoding = 4; lastKnownFileType = sourcecode.c.h; path = _x86_eliding_mutex_impl.h; sourceTree = "<group>"; };
		846EA2841A80FA0900056C69 /* _x86_rtm_rw_mutex_impl.h */ = {isa = PBXFileReference; fileEncoding = 4; lastKnownFileType = sourcecode.c.h; path = _x86_rtm_rw_mutex_impl.h; sourceTree = "<group>"; };
		846EA2861A80FA0900056C69 /* gcc_armv7.h */ = {isa = PBXFileReference; fileEncoding = 4; lastKnownFileType = sourcecode.c.h; path = gcc_armv7.h; sourceTree = "<group>"; };
		846EA2871A80FA0900056C69 /* gcc_generic.h */ = {isa = PBXFileReference; fileEncoding = 4; lastKnownFileType = sourcecode.c.h; path = gcc_generic.h; sourceTree = "<group>"; };
		846EA2881A80FA0900056C69 /* gcc_ia32_common.h */ = {isa = PBXFileReference; fileEncoding = 4; lastKnownFileType = sourcecode.c.h; path = gcc_ia32_common.h; sourceTree = "<group>"; };
		846EA2891A80FA0900056C69 /* gcc_itsx.h */ = {isa = PBXFileReference; fileEncoding = 4; lastKnownFileType = sourcecode.c.h; path = gcc_itsx.h; sourceTree = "<group>"; };
		846EA28A1A80FA0900056C69 /* ibm_aix51.h */ = {isa = PBXFileReference; fileEncoding = 4; lastKnownFileType = sourcecode.c.h; path = ibm_aix51.h; sourceTree = "<group>"; };
		846EA28B1A80FA0900056C69 /* icc_generic.h */ = {isa = PBXFileReference; fileEncoding = 4; lastKnownFileType = sourcecode.c.h; path = icc_generic.h; sourceTree = "<group>"; };
		846EA28C1A80FA0900056C69 /* linux_common.h */ = {isa = PBXFileReference; fileEncoding = 4; lastKnownFileType = sourcecode.c.h; path = linux_common.h; sourceTree = "<group>"; };
		846EA28D1A80FA0900056C69 /* linux_ia32.h */ = {isa = PBXFileReference; fileEncoding = 4; lastKnownFileType = sourcecode.c.h; path = linux_ia32.h; sourceTree = "<group>"; };
		846EA28E1A80FA0900056C69 /* linux_ia64.h */ = {isa = PBXFileReference; fileEncoding = 4; lastKnownFileType = sourcecode.c.h; path = linux_ia64.h; sourceTree = "<group>"; };
		846EA28F1A80FA0900056C69 /* linux_intel64.h */ = {isa = PBXFileReference; fileEncoding = 4; lastKnownFileType = sourcecode.c.h; path = linux_intel64.h; sourceTree = "<group>"; };
		846EA2901A80FA0900056C69 /* mac_ppc.h */ = {isa = PBXFileReference; fileEncoding = 4; lastKnownFileType = sourcecode.c.h; path = mac_ppc.h; sourceTree = "<group>"; };
		846EA2911A80FA0900056C69 /* macos_common.h */ = {isa = PBXFileReference; fileEncoding = 4; lastKnownFileType = sourcecode.c.h; path = macos_common.h; sourceTree = "<group>"; };
		846EA2921A80FA0900056C69 /* mic_common.h */ = {isa = PBXFileReference; fileEncoding = 4; lastKnownFileType = sourcecode.c.h; path = mic_common.h; sourceTree = "<group>"; };
		846EA2931A80FA0900056C69 /* msvc_armv7.h */ = {isa = PBXFileReference; fileEncoding = 4; lastKnownFileType = sourcecode.c.h; path = msvc_armv7.h; sourceTree = "<group>"; };
		846EA2941A80FA0900056C69 /* msvc_ia32_common.h */ = {isa = PBXFileReference; fileEncoding = 4; lastKnownFileType = sourcecode.c.h; path = msvc_ia32_common.h; sourceTree = "<group>"; };
		846EA2951A80FA0900056C69 /* sunos_sparc.h */ = {isa = PBXFileReference; fileEncoding = 4; lastKnownFileType = sourcecode.c.h; path = sunos_sparc.h; sourceTree = "<group>"; };
		846EA2961A80FA0900056C69 /* windows_api.h */ = {isa = PBXFileReference; fileEncoding = 4; lastKnownFileType = sourcecode.c.h; path = windows_api.h; sourceTree = "<group>"; };
		846EA2971A80FA0900056C69 /* windows_ia32.h */ = {isa = PBXFileReference; fileEncoding = 4; lastKnownFileType = sourcecode.c.h; path = windows_ia32.h; sourceTree = "<group>"; };
		846EA2981A80FA0900056C69 /* windows_intel64.h */ = {isa = PBXFileReference; fileEncoding = 4; lastKnownFileType = sourcecode.c.h; path = windows_intel64.h; sourceTree = "<group>"; };
		846EA2991A80FA0900056C69 /* xbox360_ppc.h */ = {isa = PBXFileReference; fileEncoding = 4; lastKnownFileType = sourcecode.c.h; path = xbox360_ppc.h; sourceTree = "<group>"; };
		846EA29A1A80FA0900056C69 /* memory_pool.h */ = {isa = PBXFileReference; fileEncoding = 4; lastKnownFileType = sourcecode.c.h; path = memory_pool.h; sourceTree = "<group>"; };
		846EA29B1A80FA0900056C69 /* mutex.h */ = {isa = PBXFileReference; fileEncoding = 4; lastKnownFileType = sourcecode.c.h; path = mutex.h; sourceTree = "<group>"; };
		846EA29C1A80FA0900056C69 /* null_mutex.h */ = {isa = PBXFileReference; fileEncoding = 4; lastKnownFileType = sourcecode.c.h; path = null_mutex.h; sourceTree = "<group>"; };
		846EA29D1A80FA0900056C69 /* null_rw_mutex.h */ = {isa = PBXFileReference; fileEncoding = 4; lastKnownFileType = sourcecode.c.h; path = null_rw_mutex.h; sourceTree = "<group>"; };
		846EA29E1A80FA0900056C69 /* parallel_do.h */ = {isa = PBXFileReference; fileEncoding = 4; lastKnownFileType = sourcecode.c.h; path = parallel_do.h; sourceTree = "<group>"; };
		846EA29F1A80FA0900056C69 /* parallel_for.h */ = {isa = PBXFileReference; fileEncoding = 4; lastKnownFileType = sourcecode.c.h; path = parallel_for.h; sourceTree = "<group>"; };
		846EA2A01A80FA0900056C69 /* parallel_for_each.h */ = {isa = PBXFileReference; fileEncoding = 4; lastKnownFileType = sourcecode.c.h; path = parallel_for_each.h; sourceTree = "<group>"; };
		846EA2A11A80FA0900056C69 /* parallel_invoke.h */ = {isa = PBXFileReference; fileEncoding = 4; lastKnownFileType = sourcecode.c.h; path = parallel_invoke.h; sourceTree = "<group>"; };
		846EA2A21A80FA0900056C69 /* parallel_reduce.h */ = {isa = PBXFileReference; fileEncoding = 4; lastKnownFileType = sourcecode.c.h; path = parallel_reduce.h; sourceTree = "<group>"; };
		846EA2A31A80FA0900056C69 /* parallel_scan.h */ = {isa = PBXFileReference; fileEncoding = 4; lastKnownFileType = sourcecode.c.h; path = parallel_scan.h; sourceTree = "<group>"; };
		846EA2A41A80FA0900056C69 /* parallel_sort.h */ = {isa = PBXFileReference; fileEncoding = 4; lastKnownFileType = sourcecode.c.h; path = parallel_sort.h; sourceTree = "<group>"; };
		846EA2A51A80FA0900056C69 /* parallel_while.h */ = {isa = PBXFileReference; fileEncoding = 4; lastKnownFileType = sourcecode.c.h; path = parallel_while.h; sourceTree = "<group>"; };
		846EA2A61A80FA0900056C69 /* partitioner.h */ = {isa = PBXFileReference; fileEncoding = 4; lastKnownFileType = sourcecode.c.h; path = partitioner.h; sourceTree = "<group>"; };
		846EA2A71A80FA0900056C69 /* pipeline.h */ = {isa = PBXFileReference; fileEncoding = 4; lastKnownFileType = sourcecode.c.h; path = pipeline.h; sourceTree = "<group>"; };
		846EA2A81A80FA0900056C69 /* queuing_mutex.h */ = {isa = PBXFileReference; fileEncoding = 4; lastKnownFileType = sourcecode.c.h; path = queuing_mutex.h; sourceTree = "<group>"; };
		846EA2A91A80FA0900056C69 /* queuing_rw_mutex.h */ = {isa = PBXFileReference; fileEncoding = 4; lastKnownFileType = sourcecode.c.h; path = queuing_rw_mutex.h; sourceTree = "<group>"; };
		846EA2AA1A80FA0900056C69 /* reader_writer_lock.h */ = {isa = PBXFileReference; fileEncoding = 4; lastKnownFileType = sourcecode.c.h; path = reader_writer_lock.h; sourceTree = "<group>"; };
		846EA2AB1A80FA0900056C69 /* recursive_mutex.h */ = {isa = PBXFileReference; fileEncoding = 4; lastKnownFileType = sourcecode.c.h; path = recursive_mutex.h; sourceTree = "<group>"; };
		846EA2AC1A80FA0900056C69 /* runtime_loader.h */ = {isa = PBXFileReference; fileEncoding = 4; lastKnownFileType = sourcecode.c.h; path = runtime_loader.h; sourceTree = "<group>"; };
		846EA2AD1A80FA0900056C69 /* scalable_allocator.h */ = {isa = PBXFileReference; fileEncoding = 4; lastKnownFileType = sourcecode.c.h; path = scalable_allocator.h; sourceTree = "<group>"; };
		846EA2AE1A80FA0900056C69 /* spin_mutex.h */ = {isa = PBXFileReference; fileEncoding = 4; lastKnownFileType = sourcecode.c.h; path = spin_mutex.h; sourceTree = "<group>"; };
		846EA2AF1A80FA0900056C69 /* spin_rw_mutex.h */ = {isa = PBXFileReference; fileEncoding = 4; lastKnownFileType = sourcecode.c.h; path = spin_rw_mutex.h; sourceTree = "<group>"; };
		846EA2B01A80FA0900056C69 /* task.h */ = {isa = PBXFileReference; fileEncoding = 4; lastKnownFileType = sourcecode.c.h; path = task.h; sourceTree = "<group>"; };
		846EA2B11A80FA0900056C69 /* task_arena.h */ = {isa = PBXFileReference; fileEncoding = 4; lastKnownFileType = sourcecode.c.h; path = task_arena.h; sourceTree = "<group>"; };
		846EA2B21A80FA0900056C69 /* task_group.h */ = {isa = PBXFileReference; fileEncoding = 4; lastKnownFileType = sourcecode.c.h; path = task_group.h; sourceTree = "<group>"; };
		846EA2B31A80FA0900056C69 /* task_scheduler_init.h */ = {isa = PBXFileReference; fileEncoding = 4; lastKnownFileType = sourcecode.c.h; path = task_scheduler_init.h; sourceTree = "<group>"; };
		846EA2B41A80FA0900056C69 /* task_scheduler_observer.h */ = {isa = PBXFileReference; fileEncoding = 4; lastKnownFileType = sourcecode.c.h; path = task_scheduler_observer.h; sourceTree = "<group>"; };
		846EA2B51A80FA0900056C69 /* tbb.h */ = {isa = PBXFileReference; fileEncoding = 4; lastKnownFileType = sourcecode.c.h; path = tbb.h; sourceTree = "<group>"; };
		846EA2B61A80FA0900056C69 /* tbb_allocator.h */ = {isa = PBXFileReference; fileEncoding = 4; lastKnownFileType = sourcecode.c.h; path = tbb_allocator.h; sourceTree = "<group>"; };
		846EA2B71A80FA0900056C69 /* tbb_config.h */ = {isa = PBXFileReference; fileEncoding = 4; lastKnownFileType = sourcecode.c.h; path = tbb_config.h; sourceTree = "<group>"; };
		846EA2B81A80FA0900056C69 /* tbb_exception.h */ = {isa = PBXFileReference; fileEncoding = 4; lastKnownFileType = sourcecode.c.h; path = tbb_exception.h; sourceTree = "<group>"; };
		846EA2B91A80FA0900056C69 /* tbb_machine.h */ = {isa = PBXFileReference; fileEncoding = 4; lastKnownFileType = sourcecode.c.h; path = tbb_machine.h; sourceTree = "<group>"; };
		846EA2BA1A80FA0900056C69 /* tbb_profiling.h */ = {isa = PBXFileReference; fileEncoding = 4; lastKnownFileType = sourcecode.c.h; path = tbb_profiling.h; sourceTree = "<group>"; };
		846EA2BB1A80FA0900056C69 /* tbb_stddef.h */ = {isa = PBXFileReference; fileEncoding = 4; lastKnownFileType = sourcecode.c.h; path = tbb_stddef.h; sourceTree = "<group>"; };
		846EA2BC1A80FA0900056C69 /* tbb_thread.h */ = {isa = PBXFileReference; fileEncoding = 4; lastKnownFileType = sourcecode.c.h; path = tbb_thread.h; sourceTree = "<group>"; };
		846EA2BD1A80FA0900056C69 /* tbbmalloc_proxy.h */ = {isa = PBXFileReference; fileEncoding = 4; lastKnownFileType = sourcecode.c.h; path = tbbmalloc_proxy.h; sourceTree = "<group>"; };
		846EA2BE1A80FA0900056C69 /* tick_count.h */ = {isa = PBXFileReference; fileEncoding = 4; lastKnownFileType = sourcecode.c.h; path = tick_count.h; sourceTree = "<group>"; };
		846EA2C11A80FA0900056C69 /* libtbb.dylib */ = {isa = PBXFileReference; lastKnownFileType = "compiled.mach-o.dylib"; path = libtbb.dylib; sourceTree = "<group>"; };
		846EA2C21A80FA0900056C69 /* libtbb_debug.dylib */ = {isa = PBXFileReference; lastKnownFileType = "compiled.mach-o.dylib"; path = libtbb_debug.dylib; sourceTree = "<group>"; };
		846EA2C31A80FA0900056C69 /* libtbb_preview.dylib */ = {isa = PBXFileReference; lastKnownFileType = "compiled.mach-o.dylib"; path = libtbb_preview.dylib; sourceTree = "<group>"; };
		846EA2C41A80FA0900056C69 /* libtbb_preview_debug.dylib */ = {isa = PBXFileReference; lastKnownFileType = "compiled.mach-o.dylib"; path = libtbb_preview_debug.dylib; sourceTree = "<group>"; };
		846EA2C51A80FA0900056C69 /* libtbbmalloc.dylib */ = {isa = PBXFileReference; lastKnownFileType = "compiled.mach-o.dylib"; path = libtbbmalloc.dylib; sourceTree = "<group>"; };
		846EA2C61A80FA0900056C69 /* libtbbmalloc_debug.dylib */ = {isa = PBXFileReference; lastKnownFileType = "compiled.mach-o.dylib"; path = libtbbmalloc_debug.dylib; sourceTree = "<group>"; };
		846EA2C71A80FA0900056C69 /* libtbbmalloc_proxy.dylib */ = {isa = PBXFileReference; lastKnownFileType = "compiled.mach-o.dylib"; path = libtbbmalloc_proxy.dylib; sourceTree = "<group>"; };
		846EA2C81A80FA0900056C69 /* libtbbmalloc_proxy_debug.dylib */ = {isa = PBXFileReference; lastKnownFileType = "compiled.mach-o.dylib"; path = libtbbmalloc_proxy_debug.dylib; sourceTree = "<group>"; };
		846EA2C91A80FA0900056C69 /* libtbb.dylib */ = {isa = PBXFileReference; lastKnownFileType = "compiled.mach-o.dylib"; path = libtbb.dylib; sourceTree = "<group>"; };
		846EA2CA1A80FA0900056C69 /* libtbb_debug.dylib */ = {isa = PBXFileReference; lastKnownFileType = "compiled.mach-o.dylib"; path = libtbb_debug.dylib; sourceTree = "<group>"; };
		846EA2CB1A80FA0900056C69 /* libtbb_preview.dylib */ = {isa = PBXFileReference; lastKnownFileType = "compiled.mach-o.dylib"; path = libtbb_preview.dylib; sourceTree = "<group>"; };
		846EA2CC1A80FA0900056C69 /* libtbb_preview_debug.dylib */ = {isa = PBXFileReference; lastKnownFileType = "compiled.mach-o.dylib"; path = libtbb_preview_debug.dylib; sourceTree = "<group>"; };
		846EA2CD1A80FA0900056C69 /* libtbbmalloc.dylib */ = {isa = PBXFileReference; lastKnownFileType = "compiled.mach-o.dylib"; path = libtbbmalloc.dylib; sourceTree = "<group>"; };
		846EA2CE1A80FA0900056C69 /* libtbbmalloc_debug.dylib */ = {isa = PBXFileReference; lastKnownFileType = "compiled.mach-o.dylib"; path = libtbbmalloc_debug.dylib; sourceTree = "<group>"; };
		846EA2CF1A80FA0900056C69 /* libtbbmalloc_proxy.dylib */ = {isa = PBXFileReference; lastKnownFileType = "compiled.mach-o.dylib"; path = libtbbmalloc_proxy.dylib; sourceTree = "<group>"; };
		846EA2D01A80FA0900056C69 /* libtbbmalloc_proxy_debug.dylib */ = {isa = PBXFileReference; lastKnownFileType = "compiled.mach-o.dylib"; path = libtbbmalloc_proxy_debug.dylib; sourceTree = "<group>"; };
		8D1107320486CEB800E47090 /* app.a_debug.app */ = {isa = PBXFileReference; explicitFileType = wrapper.application; includeInIndex = 0; path = app.a_debug.app; sourceTree = BUILT_PRODUCTS_DIR; };
		D966A9AC99414A7BB559EFAD /* app_Prefix.pch */ = {isa = PBXFileReference; lastKnownFileType = sourcecode.c.h; path = app_Prefix.pch; sourceTree = "<group>"; };
		EAC8884F488D48948C266D0F /* cApp.cpp */ = {isa = PBXFileReference; lastKnownFileType = sourcecode.cpp.cpp; name = cApp.cpp; path = ../src/cApp.cpp; sourceTree = "<group>"; };
		FFC8204E8B6D4EA587F01893 /* Resources.h */ = {isa = PBXFileReference; lastKnownFileType = sourcecode.c.h; name = Resources.h; path = ../include/Resources.h; sourceTree = "<group>"; };
/* End PBXFileReference section */

/* Begin PBXFrameworksBuildPhase section */
		6A908C6A1A7F45BB003A1461 /* Frameworks */ = {
			isa = PBXFrameworksBuildPhase;
			buildActionMask = 2147483647;
			files = (
				846EA3021A80FA0A00056C69 /* libtbb.dylib in Frameworks */,
				6A908C6B1A7F45BB003A1461 /* Cocoa.framework in Frameworks */,
				6A908C6C1A7F45BB003A1461 /* OpenGL.framework in Frameworks */,
				846EA2EA1A80FA0A00056C69 /* libtbb_preview.dylib in Frameworks */,
				846EA2F61A80FA0A00056C69 /* libtbbmalloc_debug.dylib in Frameworks */,
				6A908C6D1A7F45BB003A1461 /* CoreVideo.framework in Frameworks */,
				846EA31E1A80FA0A00056C69 /* libtbbmalloc_proxy_debug.dylib in Frameworks */,
				846EA2E21A80FA0A00056C69 /* libtbb.dylib in Frameworks */,
				6A908C6E1A7F45BB003A1461 /* QTKit.framework in Frameworks */,
				846EA2EE1A80FA0A00056C69 /* libtbb_preview_debug.dylib in Frameworks */,
				846EA31A1A80FA0A00056C69 /* libtbbmalloc_proxy.dylib in Frameworks */,
				6A908C6F1A7F45BB003A1461 /* Accelerate.framework in Frameworks */,
				6A908C701A7F45BB003A1461 /* AudioToolbox.framework in Frameworks */,
				846EA3161A80FA0A00056C69 /* libtbbmalloc_debug.dylib in Frameworks */,
				6A908C711A7F45BB003A1461 /* AudioUnit.framework in Frameworks */,
				846EA30A1A80FA0A00056C69 /* libtbb_preview.dylib in Frameworks */,
				846EA3121A80FA0A00056C69 /* libtbbmalloc.dylib in Frameworks */,
				6A908C721A7F45BB003A1461 /* CoreAudio.framework in Frameworks */,
				846EA30E1A80FA0A00056C69 /* libtbb_preview_debug.dylib in Frameworks */,
				846EA2FA1A80FA0A00056C69 /* libtbbmalloc_proxy.dylib in Frameworks */,
				846EA2E61A80FA0A00056C69 /* libtbb_debug.dylib in Frameworks */,
				846EA2FE1A80FA0A00056C69 /* libtbbmalloc_proxy_debug.dylib in Frameworks */,
				846EA2F21A80FA0A00056C69 /* libtbbmalloc.dylib in Frameworks */,
				846EA3061A80FA0A00056C69 /* libtbb_debug.dylib in Frameworks */,
			);
			runOnlyForDeploymentPostprocessing = 0;
		};
		846EA2331A80F8B300056C69 /* Frameworks */ = {
			isa = PBXFrameworksBuildPhase;
			buildActionMask = 2147483647;
			files = (
				846EA3031A80FA0A00056C69 /* libtbb.dylib in Frameworks */,
				846EA2341A80F8B300056C69 /* Cocoa.framework in Frameworks */,
				846EA2351A80F8B300056C69 /* OpenGL.framework in Frameworks */,
				846EA2EB1A80FA0A00056C69 /* libtbb_preview.dylib in Frameworks */,
				846EA2F71A80FA0A00056C69 /* libtbbmalloc_debug.dylib in Frameworks */,
				846EA2361A80F8B300056C69 /* CoreVideo.framework in Frameworks */,
				846EA31F1A80FA0A00056C69 /* libtbbmalloc_proxy_debug.dylib in Frameworks */,
				846EA2E31A80FA0A00056C69 /* libtbb.dylib in Frameworks */,
				846EA2371A80F8B300056C69 /* QTKit.framework in Frameworks */,
				846EA2EF1A80FA0A00056C69 /* libtbb_preview_debug.dylib in Frameworks */,
				846EA31B1A80FA0A00056C69 /* libtbbmalloc_proxy.dylib in Frameworks */,
				846EA2381A80F8B300056C69 /* Accelerate.framework in Frameworks */,
				846EA2391A80F8B300056C69 /* AudioToolbox.framework in Frameworks */,
				846EA3171A80FA0A00056C69 /* libtbbmalloc_debug.dylib in Frameworks */,
				846EA23A1A80F8B300056C69 /* AudioUnit.framework in Frameworks */,
				846EA30B1A80FA0A00056C69 /* libtbb_preview.dylib in Frameworks */,
				846EA3131A80FA0A00056C69 /* libtbbmalloc.dylib in Frameworks */,
				846EA23B1A80F8B300056C69 /* CoreAudio.framework in Frameworks */,
				846EA30F1A80FA0A00056C69 /* libtbb_preview_debug.dylib in Frameworks */,
				846EA2FB1A80FA0A00056C69 /* libtbbmalloc_proxy.dylib in Frameworks */,
				846EA2E71A80FA0A00056C69 /* libtbb_debug.dylib in Frameworks */,
				846EA2FF1A80FA0A00056C69 /* libtbbmalloc_proxy_debug.dylib in Frameworks */,
				846EA2F31A80FA0A00056C69 /* libtbbmalloc.dylib in Frameworks */,
				846EA3071A80FA0A00056C69 /* libtbb_debug.dylib in Frameworks */,
			);
			runOnlyForDeploymentPostprocessing = 0;
		};
		846EA2461A80F90000056C69 /* Frameworks */ = {
			isa = PBXFrameworksBuildPhase;
			buildActionMask = 2147483647;
			files = (
				846EA3041A80FA0A00056C69 /* libtbb.dylib in Frameworks */,
				846EA2471A80F90000056C69 /* Cocoa.framework in Frameworks */,
				846EA2481A80F90000056C69 /* OpenGL.framework in Frameworks */,
				846EA2EC1A80FA0A00056C69 /* libtbb_preview.dylib in Frameworks */,
				846EA2F81A80FA0A00056C69 /* libtbbmalloc_debug.dylib in Frameworks */,
				846EA2491A80F90000056C69 /* CoreVideo.framework in Frameworks */,
				846EA3201A80FA0A00056C69 /* libtbbmalloc_proxy_debug.dylib in Frameworks */,
				846EA2E41A80FA0A00056C69 /* libtbb.dylib in Frameworks */,
				846EA24A1A80F90000056C69 /* QTKit.framework in Frameworks */,
				846EA2F01A80FA0A00056C69 /* libtbb_preview_debug.dylib in Frameworks */,
				846EA31C1A80FA0A00056C69 /* libtbbmalloc_proxy.dylib in Frameworks */,
				846EA24B1A80F90000056C69 /* Accelerate.framework in Frameworks */,
				846EA24C1A80F90000056C69 /* AudioToolbox.framework in Frameworks */,
				846EA3181A80FA0A00056C69 /* libtbbmalloc_debug.dylib in Frameworks */,
				846EA24D1A80F90000056C69 /* AudioUnit.framework in Frameworks */,
				846EA30C1A80FA0A00056C69 /* libtbb_preview.dylib in Frameworks */,
				846EA3141A80FA0A00056C69 /* libtbbmalloc.dylib in Frameworks */,
				846EA24E1A80F90000056C69 /* CoreAudio.framework in Frameworks */,
				846EA3101A80FA0A00056C69 /* libtbb_preview_debug.dylib in Frameworks */,
				846EA2FC1A80FA0A00056C69 /* libtbbmalloc_proxy.dylib in Frameworks */,
				846EA2E81A80FA0A00056C69 /* libtbb_debug.dylib in Frameworks */,
				846EA3001A80FA0A00056C69 /* libtbbmalloc_proxy_debug.dylib in Frameworks */,
				846EA2F41A80FA0A00056C69 /* libtbbmalloc.dylib in Frameworks */,
				846EA3081A80FA0A00056C69 /* libtbb_debug.dylib in Frameworks */,
			);
			runOnlyForDeploymentPostprocessing = 0;
		};
		8D11072E0486CEB800E47090 /* Frameworks */ = {
			isa = PBXFrameworksBuildPhase;
			buildActionMask = 2147483647;
			files = (
				846EA3011A80FA0A00056C69 /* libtbb.dylib in Frameworks */,
				8D11072F0486CEB800E47090 /* Cocoa.framework in Frameworks */,
				0091D8F90E81B9330029341E /* OpenGL.framework in Frameworks */,
				846EA2E91A80FA0A00056C69 /* libtbb_preview.dylib in Frameworks */,
				846EA2F51A80FA0A00056C69 /* libtbbmalloc_debug.dylib in Frameworks */,
				5323E6B20EAFCA74003A9687 /* CoreVideo.framework in Frameworks */,
				846EA31D1A80FA0A00056C69 /* libtbbmalloc_proxy_debug.dylib in Frameworks */,
				846EA2E11A80FA0900056C69 /* libtbb.dylib in Frameworks */,
				5323E6B60EAFCA7E003A9687 /* QTKit.framework in Frameworks */,
				846EA2ED1A80FA0A00056C69 /* libtbb_preview_debug.dylib in Frameworks */,
				846EA3191A80FA0A00056C69 /* libtbbmalloc_proxy.dylib in Frameworks */,
				00B784B30FF439BC000DE1D7 /* Accelerate.framework in Frameworks */,
				00B784B40FF439BC000DE1D7 /* AudioToolbox.framework in Frameworks */,
				846EA3151A80FA0A00056C69 /* libtbbmalloc_debug.dylib in Frameworks */,
				00B784B50FF439BC000DE1D7 /* AudioUnit.framework in Frameworks */,
				846EA3091A80FA0A00056C69 /* libtbb_preview.dylib in Frameworks */,
				846EA3111A80FA0A00056C69 /* libtbbmalloc.dylib in Frameworks */,
				00B784B60FF439BC000DE1D7 /* CoreAudio.framework in Frameworks */,
				846EA30D1A80FA0A00056C69 /* libtbb_preview_debug.dylib in Frameworks */,
				846EA2F91A80FA0A00056C69 /* libtbbmalloc_proxy.dylib in Frameworks */,
				846EA2E51A80FA0A00056C69 /* libtbb_debug.dylib in Frameworks */,
				846EA2FD1A80FA0A00056C69 /* libtbbmalloc_proxy_debug.dylib in Frameworks */,
				846EA2F11A80FA0A00056C69 /* libtbbmalloc.dylib in Frameworks */,
				846EA3051A80FA0A00056C69 /* libtbb_debug.dylib in Frameworks */,
			);
			runOnlyForDeploymentPostprocessing = 0;
		};
/* End PBXFrameworksBuildPhase section */

/* Begin PBXGroup section */
		01B97315FEAEA392516A2CEA /* Blocks */ = {
			isa = PBXGroup;
			children = (
				846EA2541A80FA0900056C69 /* tbb */,
			);
			name = Blocks;
			sourceTree = "<group>";
		};
		080E96DDFE201D6D7F000001 /* Source */ = {
			isa = PBXGroup;
			children = (
				6A908C841A7F5261003A1461 /* module */,
				EAC8884F488D48948C266D0F /* cApp.cpp */,
			);
			name = Source;
			sourceTree = "<group>";
		};
		1058C7A0FEA54F0111CA2CBB /* Linked Frameworks */ = {
			isa = PBXGroup;
			children = (
				00B784AF0FF439BC000DE1D7 /* Accelerate.framework */,
				00B784B00FF439BC000DE1D7 /* AudioToolbox.framework */,
				00B784B10FF439BC000DE1D7 /* AudioUnit.framework */,
				00B784B20FF439BC000DE1D7 /* CoreAudio.framework */,
				5323E6B50EAFCA7E003A9687 /* QTKit.framework */,
				5323E6B10EAFCA74003A9687 /* CoreVideo.framework */,
				0091D8F80E81B9330029341E /* OpenGL.framework */,
				1058C7A1FEA54F0111CA2CBB /* Cocoa.framework */,
			);
			name = "Linked Frameworks";
			sourceTree = "<group>";
		};
		1058C7A2FEA54F0111CA2CBB /* Other Frameworks */ = {
			isa = PBXGroup;
			children = (
				29B97324FDCFA39411CA2CEA /* AppKit.framework */,
				29B97325FDCFA39411CA2CEA /* Foundation.framework */,
			);
			name = "Other Frameworks";
			sourceTree = "<group>";
		};
		19C28FACFE9D520D11CA2CBB /* Products */ = {
			isa = PBXGroup;
			children = (
				8D1107320486CEB800E47090 /* app.a_debug.app */,
				6A908C761A7F45BB003A1461 /* app.b_debug.app */,
				846EA23F1A80F8B300056C69 /* app.c_debug.app */,
				846EA2521A80F90000056C69 /* app.d_debug.app */,
			);
			name = Products;
			sourceTree = "<group>";
		};
		29B97314FDCFA39411CA2CEA /* gradient */ = {
			isa = PBXGroup;
			children = (
				01B97315FEAEA392516A2CEA /* Blocks */,
				29B97315FDCFA39411CA2CEA /* Headers */,
				080E96DDFE201D6D7F000001 /* Source */,
				29B97317FDCFA39411CA2CEA /* Resources */,
				29B97323FDCFA39411CA2CEA /* Frameworks */,
				19C28FACFE9D520D11CA2CBB /* Products */,
				846EA22B1A80F85600056C69 /* Info.plist */,
			);
			name = gradient;
			sourceTree = "<group>";
		};
		29B97315FDCFA39411CA2CEA /* Headers */ = {
			isa = PBXGroup;
			children = (
				FFC8204E8B6D4EA587F01893 /* Resources.h */,
				D966A9AC99414A7BB559EFAD /* app_Prefix.pch */,
			);
			name = Headers;
			sourceTree = "<group>";
		};
		29B97317FDCFA39411CA2CEA /* Resources */ = {
			isa = PBXGroup;
			children = (
			);
			name = Resources;
			sourceTree = "<group>";
		};
		29B97323FDCFA39411CA2CEA /* Frameworks */ = {
			isa = PBXGroup;
			children = (
				1058C7A0FEA54F0111CA2CBB /* Linked Frameworks */,
				1058C7A2FEA54F0111CA2CBB /* Other Frameworks */,
			);
			name = Frameworks;
			sourceTree = "<group>";
		};
		6A908C841A7F5261003A1461 /* module */ = {
			isa = PBXGroup;
			children = (
				6A908C851A7F5261003A1461 /* Exporter.h */,
				6A908C861A7F5261003A1461 /* csUtil.h */,
			);
			name = module;
			path = ../../../module;
			sourceTree = "<group>";
		};
		846EA2541A80FA0900056C69 /* tbb */ = {
			isa = PBXGroup;
			children = (
				846EA2551A80FA0900056C69 /* include */,
				846EA2BF1A80FA0900056C69 /* lib */,
			);
			name = tbb;
			path = ../../../../blocks/tbb;
			sourceTree = "<group>";
		};
		846EA2551A80FA0900056C69 /* include */ = {
			isa = PBXGroup;
			children = (
				846EA2561A80FA0900056C69 /* serial */,
				846EA25A1A80FA0900056C69 /* tbb */,
			);
			path = include;
			sourceTree = "<group>";
		};
		846EA2561A80FA0900056C69 /* serial */ = {
			isa = PBXGroup;
			children = (
				846EA2571A80FA0900056C69 /* tbb */,
			);
			path = serial;
			sourceTree = "<group>";
		};
		846EA2571A80FA0900056C69 /* tbb */ = {
			isa = PBXGroup;
			children = (
				846EA2581A80FA0900056C69 /* parallel_for.h */,
				846EA2591A80FA0900056C69 /* tbb_annotate.h */,
			);
			path = tbb;
			sourceTree = "<group>";
		};
		846EA25A1A80FA0900056C69 /* tbb */ = {
			isa = PBXGroup;
			children = (
				846EA25B1A80FA0900056C69 /* aggregator.h */,
				846EA25C1A80FA0900056C69 /* aligned_space.h */,
				846EA25D1A80FA0900056C69 /* atomic.h */,
				846EA25E1A80FA0900056C69 /* blocked_range.h */,
				846EA25F1A80FA0900056C69 /* blocked_range2d.h */,
				846EA2601A80FA0900056C69 /* blocked_range3d.h */,
				846EA2611A80FA0900056C69 /* cache_aligned_allocator.h */,
				846EA2621A80FA0900056C69 /* combinable.h */,
				846EA2631A80FA0900056C69 /* compat */,
				846EA2681A80FA0900056C69 /* concurrent_hash_map.h */,
				846EA2691A80FA0900056C69 /* concurrent_lru_cache.h */,
				846EA26A1A80FA0900056C69 /* concurrent_priority_queue.h */,
				846EA26B1A80FA0900056C69 /* concurrent_queue.h */,
				846EA26C1A80FA0900056C69 /* concurrent_unordered_map.h */,
				846EA26D1A80FA0900056C69 /* concurrent_unordered_set.h */,
				846EA26E1A80FA0900056C69 /* concurrent_vector.h */,
				846EA26F1A80FA0900056C69 /* critical_section.h */,
				846EA2701A80FA0900056C69 /* enumerable_thread_specific.h */,
				846EA2711A80FA0900056C69 /* flow_graph.h */,
				846EA2721A80FA0900056C69 /* index.html */,
				846EA2731A80FA0900056C69 /* internal */,
				846EA2851A80FA0900056C69 /* machine */,
				846EA29A1A80FA0900056C69 /* memory_pool.h */,
				846EA29B1A80FA0900056C69 /* mutex.h */,
				846EA29C1A80FA0900056C69 /* null_mutex.h */,
				846EA29D1A80FA0900056C69 /* null_rw_mutex.h */,
				846EA29E1A80FA0900056C69 /* parallel_do.h */,
				846EA29F1A80FA0900056C69 /* parallel_for.h */,
				846EA2A01A80FA0900056C69 /* parallel_for_each.h */,
				846EA2A11A80FA0900056C69 /* parallel_invoke.h */,
				846EA2A21A80FA0900056C69 /* parallel_reduce.h */,
				846EA2A31A80FA0900056C69 /* parallel_scan.h */,
				846EA2A41A80FA0900056C69 /* parallel_sort.h */,
				846EA2A51A80FA0900056C69 /* parallel_while.h */,
				846EA2A61A80FA0900056C69 /* partitioner.h */,
				846EA2A71A80FA0900056C69 /* pipeline.h */,
				846EA2A81A80FA0900056C69 /* queuing_mutex.h */,
				846EA2A91A80FA0900056C69 /* queuing_rw_mutex.h */,
				846EA2AA1A80FA0900056C69 /* reader_writer_lock.h */,
				846EA2AB1A80FA0900056C69 /* recursive_mutex.h */,
				846EA2AC1A80FA0900056C69 /* runtime_loader.h */,
				846EA2AD1A80FA0900056C69 /* scalable_allocator.h */,
				846EA2AE1A80FA0900056C69 /* spin_mutex.h */,
				846EA2AF1A80FA0900056C69 /* spin_rw_mutex.h */,
				846EA2B01A80FA0900056C69 /* task.h */,
				846EA2B11A80FA0900056C69 /* task_arena.h */,
				846EA2B21A80FA0900056C69 /* task_group.h */,
				846EA2B31A80FA0900056C69 /* task_scheduler_init.h */,
				846EA2B41A80FA0900056C69 /* task_scheduler_observer.h */,
				846EA2B51A80FA0900056C69 /* tbb.h */,
				846EA2B61A80FA0900056C69 /* tbb_allocator.h */,
				846EA2B71A80FA0900056C69 /* tbb_config.h */,
				846EA2B81A80FA0900056C69 /* tbb_exception.h */,
				846EA2B91A80FA0900056C69 /* tbb_machine.h */,
				846EA2BA1A80FA0900056C69 /* tbb_profiling.h */,
				846EA2BB1A80FA0900056C69 /* tbb_stddef.h */,
				846EA2BC1A80FA0900056C69 /* tbb_thread.h */,
				846EA2BD1A80FA0900056C69 /* tbbmalloc_proxy.h */,
				846EA2BE1A80FA0900056C69 /* tick_count.h */,
			);
			path = tbb;
			sourceTree = "<group>";
		};
		846EA2631A80FA0900056C69 /* compat */ = {
			isa = PBXGroup;
			children = (
				846EA2641A80FA0900056C69 /* condition_variable */,
				846EA2651A80FA0900056C69 /* ppl.h */,
				846EA2661A80FA0900056C69 /* thread */,
				846EA2671A80FA0900056C69 /* tuple */,
			);
			path = compat;
			sourceTree = "<group>";
		};
		846EA2731A80FA0900056C69 /* internal */ = {
			isa = PBXGroup;
			children = (
				846EA2741A80FA0900056C69 /* _aggregator_impl.h */,
				846EA2751A80FA0900056C69 /* _concurrent_queue_impl.h */,
				846EA2761A80FA0900056C69 /* _concurrent_unordered_impl.h */,
				846EA2771A80FA0900056C69 /* _flow_graph_impl.h */,
				846EA2781A80FA0900056C69 /* _flow_graph_indexer_impl.h */,
				846EA2791A80FA0900056C69 /* _flow_graph_item_buffer_impl.h */,
				846EA27A1A80FA0900056C69 /* _flow_graph_join_impl.h */,
				846EA27B1A80FA0900056C69 /* _flow_graph_node_impl.h */,
				846EA27C1A80FA0900056C69 /* _flow_graph_tagged_buffer_impl.h */,
				846EA27D1A80FA0900056C69 /* _flow_graph_trace_impl.h */,
				846EA27E1A80FA0900056C69 /* _flow_graph_types_impl.h */,
				846EA27F1A80FA0900056C69 /* _mutex_padding.h */,
				846EA2801A80FA0900056C69 /* _range_iterator.h */,
				846EA2811A80FA0900056C69 /* _tbb_strings.h */,
				846EA2821A80FA0900056C69 /* _tbb_windef.h */,
				846EA2831A80FA0900056C69 /* _x86_eliding_mutex_impl.h */,
				846EA2841A80FA0900056C69 /* _x86_rtm_rw_mutex_impl.h */,
			);
			path = internal;
			sourceTree = "<group>";
		};
		846EA2851A80FA0900056C69 /* machine */ = {
			isa = PBXGroup;
			children = (
				846EA2861A80FA0900056C69 /* gcc_armv7.h */,
				846EA2871A80FA0900056C69 /* gcc_generic.h */,
				846EA2881A80FA0900056C69 /* gcc_ia32_common.h */,
				846EA2891A80FA0900056C69 /* gcc_itsx.h */,
				846EA28A1A80FA0900056C69 /* ibm_aix51.h */,
				846EA28B1A80FA0900056C69 /* icc_generic.h */,
				846EA28C1A80FA0900056C69 /* linux_common.h */,
				846EA28D1A80FA0900056C69 /* linux_ia32.h */,
				846EA28E1A80FA0900056C69 /* linux_ia64.h */,
				846EA28F1A80FA0900056C69 /* linux_intel64.h */,
				846EA2901A80FA0900056C69 /* mac_ppc.h */,
				846EA2911A80FA0900056C69 /* macos_common.h */,
				846EA2921A80FA0900056C69 /* mic_common.h */,
				846EA2931A80FA0900056C69 /* msvc_armv7.h */,
				846EA2941A80FA0900056C69 /* msvc_ia32_common.h */,
				846EA2951A80FA0900056C69 /* sunos_sparc.h */,
				846EA2961A80FA0900056C69 /* windows_api.h */,
				846EA2971A80FA0900056C69 /* windows_ia32.h */,
				846EA2981A80FA0900056C69 /* windows_intel64.h */,
				846EA2991A80FA0900056C69 /* xbox360_ppc.h */,
			);
			path = machine;
			sourceTree = "<group>";
		};
		846EA2BF1A80FA0900056C69 /* lib */ = {
			isa = PBXGroup;
			children = (
				846EA2C01A80FA0900056C69 /* libc++ */,
				846EA2C91A80FA0900056C69 /* libtbb.dylib */,
				846EA2CA1A80FA0900056C69 /* libtbb_debug.dylib */,
				846EA2CB1A80FA0900056C69 /* libtbb_preview.dylib */,
				846EA2CC1A80FA0900056C69 /* libtbb_preview_debug.dylib */,
				846EA2CD1A80FA0900056C69 /* libtbbmalloc.dylib */,
				846EA2CE1A80FA0900056C69 /* libtbbmalloc_debug.dylib */,
				846EA2CF1A80FA0900056C69 /* libtbbmalloc_proxy.dylib */,
				846EA2D01A80FA0900056C69 /* libtbbmalloc_proxy_debug.dylib */,
			);
			path = lib;
			sourceTree = "<group>";
		};
		846EA2C01A80FA0900056C69 /* libc++ */ = {
			isa = PBXGroup;
			children = (
				846EA2C11A80FA0900056C69 /* libtbb.dylib */,
				846EA2C21A80FA0900056C69 /* libtbb_debug.dylib */,
				846EA2C31A80FA0900056C69 /* libtbb_preview.dylib */,
				846EA2C41A80FA0900056C69 /* libtbb_preview_debug.dylib */,
				846EA2C51A80FA0900056C69 /* libtbbmalloc.dylib */,
				846EA2C61A80FA0900056C69 /* libtbbmalloc_debug.dylib */,
				846EA2C71A80FA0900056C69 /* libtbbmalloc_proxy.dylib */,
				846EA2C81A80FA0900056C69 /* libtbbmalloc_proxy_debug.dylib */,
			);
			path = "libc++";
			sourceTree = "<group>";
		};
/* End PBXGroup section */

/* Begin PBXNativeTarget section */
		6A908C651A7F45BB003A1461 /* app.b */ = {
			isa = PBXNativeTarget;
			buildConfigurationList = 6A908C731A7F45BB003A1461 /* Build configuration list for PBXNativeTarget "app.b" */;
			buildPhases = (
				6A908C661A7F45BB003A1461 /* Resources */,
				6A908C681A7F45BB003A1461 /* Sources */,
				6A908C6A1A7F45BB003A1461 /* Frameworks */,
			);
			buildRules = (
			);
			dependencies = (
			);
			name = app.b;
			productInstallPath = "$(HOME)/Applications";
			productName = gradient;
			productReference = 6A908C761A7F45BB003A1461 /* app.b_debug.app */;
			productType = "com.apple.product-type.application";
		};
		846EA22E1A80F8B300056C69 /* app.c */ = {
			isa = PBXNativeTarget;
			buildConfigurationList = 846EA23C1A80F8B300056C69 /* Build configuration list for PBXNativeTarget "app.c" */;
			buildPhases = (
				846EA22F1A80F8B300056C69 /* Resources */,
				846EA2311A80F8B300056C69 /* Sources */,
				846EA2331A80F8B300056C69 /* Frameworks */,
			);
			buildRules = (
			);
			dependencies = (
			);
			name = app.c;
			productInstallPath = "$(HOME)/Applications";
			productName = gradient;
			productReference = 846EA23F1A80F8B300056C69 /* app.c_debug.app */;
			productType = "com.apple.product-type.application";
		};
		846EA2411A80F90000056C69 /* app.d */ = {
			isa = PBXNativeTarget;
			buildConfigurationList = 846EA24F1A80F90000056C69 /* Build configuration list for PBXNativeTarget "app.d" */;
			buildPhases = (
				846EA2421A80F90000056C69 /* Resources */,
				846EA2441A80F90000056C69 /* Sources */,
				846EA2461A80F90000056C69 /* Frameworks */,
			);
			buildRules = (
			);
			dependencies = (
			);
			name = app.d;
			productInstallPath = "$(HOME)/Applications";
			productName = gradient;
			productReference = 846EA2521A80F90000056C69 /* app.d_debug.app */;
			productType = "com.apple.product-type.application";
		};
		8D1107260486CEB800E47090 /* app.a */ = {
			isa = PBXNativeTarget;
			buildConfigurationList = C01FCF4A08A954540054247B /* Build configuration list for PBXNativeTarget "app.a" */;
			buildPhases = (
				8D1107290486CEB800E47090 /* Resources */,
				8D11072C0486CEB800E47090 /* Sources */,
				846EA3221A80FF9700056C69 /* ShellScript */,
				8D11072E0486CEB800E47090 /* Frameworks */,
			);
			buildRules = (
			);
			dependencies = (
			);
			name = app.a;
			productInstallPath = "$(HOME)/Applications";
			productName = gradient;
			productReference = 8D1107320486CEB800E47090 /* app.a_debug.app */;
			productType = "com.apple.product-type.application";
		};
/* End PBXNativeTarget section */

/* Begin PBXProject section */
		29B97313FDCFA39411CA2CEA /* Project object */ = {
			isa = PBXProject;
			attributes = {
			};
			buildConfigurationList = C01FCF4E08A954540054247B /* Build configuration list for PBXProject "_template" */;
			compatibilityVersion = "Xcode 3.2";
			developmentRegion = English;
			hasScannedForEncodings = 1;
			knownRegions = (
				English,
				Japanese,
				French,
				German,
			);
			mainGroup = 29B97314FDCFA39411CA2CEA /* gradient */;
			projectDirPath = "";
			projectRoot = "";
			targets = (
				8D1107260486CEB800E47090 /* app.a */,
				6A908C651A7F45BB003A1461 /* app.b */,
				846EA22E1A80F8B300056C69 /* app.c */,
				846EA2411A80F90000056C69 /* app.d */,
			);
		};
/* End PBXProject section */

/* Begin PBXResourcesBuildPhase section */
		6A908C661A7F45BB003A1461 /* Resources */ = {
			isa = PBXResourcesBuildPhase;
			buildActionMask = 2147483647;
			files = (
				846EA2DE1A80FA0900056C69 /* index.html in Resources */,
				846EA2D21A80FA0900056C69 /* condition_variable in Resources */,
				846EA2D61A80FA0900056C69 /* thread in Resources */,
				846EA22D1A80F85600056C69 /* Info.plist in Resources */,
				846EA2DA1A80FA0900056C69 /* tuple in Resources */,
			);
			runOnlyForDeploymentPostprocessing = 0;
		};
		846EA22F1A80F8B300056C69 /* Resources */ = {
			isa = PBXResourcesBuildPhase;
			buildActionMask = 2147483647;
			files = (
				846EA2DF1A80FA0900056C69 /* index.html in Resources */,
				846EA2D31A80FA0900056C69 /* condition_variable in Resources */,
				846EA2D71A80FA0900056C69 /* thread in Resources */,
				846EA2301A80F8B300056C69 /* Info.plist in Resources */,
				846EA2DB1A80FA0900056C69 /* tuple in Resources */,
			);
			runOnlyForDeploymentPostprocessing = 0;
		};
		846EA2421A80F90000056C69 /* Resources */ = {
			isa = PBXResourcesBuildPhase;
			buildActionMask = 2147483647;
			files = (
				846EA2E01A80FA0900056C69 /* index.html in Resources */,
				846EA2D41A80FA0900056C69 /* condition_variable in Resources */,
				846EA2D81A80FA0900056C69 /* thread in Resources */,
				846EA2431A80F90000056C69 /* Info.plist in Resources */,
				846EA2DC1A80FA0900056C69 /* tuple in Resources */,
			);
			runOnlyForDeploymentPostprocessing = 0;
		};
		8D1107290486CEB800E47090 /* Resources */ = {
			isa = PBXResourcesBuildPhase;
			buildActionMask = 2147483647;
			files = (
				846EA2DD1A80FA0900056C69 /* index.html in Resources */,
				846EA2D11A80FA0900056C69 /* condition_variable in Resources */,
				846EA2D51A80FA0900056C69 /* thread in Resources */,
				846EA22C1A80F85600056C69 /* Info.plist in Resources */,
				846EA2D91A80FA0900056C69 /* tuple in Resources */,
			);
			runOnlyForDeploymentPostprocessing = 0;
		};
/* End PBXResourcesBuildPhase section */

/* Begin PBXShellScriptBuildPhase section */
		846EA3221A80FF9700056C69 /* ShellScript */ = {
			isa = PBXShellScriptBuildPhase;
			buildActionMask = 2147483647;
			files = (
			);
			inputPaths = (
			);
			outputPaths = (
			);
			runOnlyForDeploymentPostprocessing = 0;
			shellPath = /bin/sh;
			shellScript = "cp -f $CINDER_PATH/blocks/tbb/lib/libc++/libtbb.dylib \"$TARGET_BUILD_DIR/$PRODUCT_NAME.app/Contents/MacOS/libtbb.dylib\";\ninstall_name_tool -change libtbb.dylib @executable_path/libtbb.dylib \"$TARGET_BUILD_DIR/$PRODUCT_NAME.app/Contents/MacOS/$PRODUCT_NAME\";\n";
		};
/* End PBXShellScriptBuildPhase section */

/* Begin PBXSourcesBuildPhase section */
		6A908C681A7F45BB003A1461 /* Sources */ = {
			isa = PBXSourcesBuildPhase;
			buildActionMask = 2147483647;
			files = (
				6A908C691A7F45BB003A1461 /* cApp.cpp in Sources */,
			);
			runOnlyForDeploymentPostprocessing = 0;
		};
		846EA2311A80F8B300056C69 /* Sources */ = {
			isa = PBXSourcesBuildPhase;
			buildActionMask = 2147483647;
			files = (
				846EA2321A80F8B300056C69 /* cApp.cpp in Sources */,
			);
			runOnlyForDeploymentPostprocessing = 0;
		};
		846EA2441A80F90000056C69 /* Sources */ = {
			isa = PBXSourcesBuildPhase;
			buildActionMask = 2147483647;
			files = (
				846EA2451A80F90000056C69 /* cApp.cpp in Sources */,
			);
			runOnlyForDeploymentPostprocessing = 0;
		};
		8D11072C0486CEB800E47090 /* Sources */ = {
			isa = PBXSourcesBuildPhase;
			buildActionMask = 2147483647;
			files = (
				1DC7386886D84531B3464237 /* cApp.cpp in Sources */,
			);
			runOnlyForDeploymentPostprocessing = 0;
		};
/* End PBXSourcesBuildPhase section */

/* Begin XCBuildConfiguration section */
		6A908C741A7F45BB003A1461 /* Debug */ = {
			isa = XCBuildConfiguration;
			buildSettings = {
				COMBINE_HIDPI_IMAGES = YES;
				COPY_PHASE_STRIP = NO;
				DEAD_CODE_STRIPPING = YES;
				GCC_DYNAMIC_NO_PIC = NO;
				GCC_INLINES_ARE_PRIVATE_EXTERN = YES;
				GCC_OPTIMIZATION_LEVEL = 0;
				GCC_PRECOMPILE_PREFIX_HEADER = YES;
				GCC_PREFIX_HEADER = app_Prefix.pch;
				GCC_PREPROCESSOR_DEFINITIONS = (
					"DEBUG=1",
					"$(inherited)",
				);
				GCC_SYMBOLS_PRIVATE_EXTERN = NO;
				INFOPLIST_FILE = "$(SRCROOT)/Info.plist";
				INSTALL_PATH = "$(HOME)/Applications";
				LIBRARY_SEARCH_PATHS = (
					"$(inherited)",
					"/Users/mtbret/Desktop/CS/code/cinder/blocks/tbb/lib/libc++",
					/Users/mtbret/Desktop/CS/code/cinder/blocks/tbb/lib,
				);
				OTHER_LDFLAGS = "\"$(CINDER_PATH)/lib/libcinder_d.a\"";
				PRODUCT_MODULE_NAME = "$(PRODUCT_NAME)";
				PRODUCT_NAME = app.b_debug;
				SYMROOT = ./build;
				WRAPPER_EXTENSION = app;
			};
			name = Debug;
		};
		6A908C751A7F45BB003A1461 /* Release */ = {
			isa = XCBuildConfiguration;
			buildSettings = {
				COMBINE_HIDPI_IMAGES = YES;
				DEAD_CODE_STRIPPING = YES;
				DEBUG_INFORMATION_FORMAT = "dwarf-with-dsym";
				GCC_FAST_MATH = YES;
				GCC_GENERATE_DEBUGGING_SYMBOLS = NO;
				GCC_INLINES_ARE_PRIVATE_EXTERN = YES;
				GCC_OPTIMIZATION_LEVEL = 3;
				GCC_PRECOMPILE_PREFIX_HEADER = YES;
				GCC_PREFIX_HEADER = app_Prefix.pch;
				GCC_PREPROCESSOR_DEFINITIONS = (
					"NDEBUG=1",
					"$(inherited)",
				);
				GCC_SYMBOLS_PRIVATE_EXTERN = NO;
				INFOPLIST_FILE = "$(SRCROOT)/Info.plist";
				INSTALL_PATH = "$(HOME)/Applications";
				LIBRARY_SEARCH_PATHS = (
					"$(inherited)",
					"/Users/mtbret/Desktop/CS/code/cinder/blocks/tbb/lib/libc++",
					/Users/mtbret/Desktop/CS/code/cinder/blocks/tbb/lib,
				);
				OTHER_LDFLAGS = "\"$(CINDER_PATH)/lib/libcinder.a\"";
				PRODUCT_NAME = app.b;
				STRIP_INSTALLED_PRODUCT = YES;
				SYMROOT = ./build;
				WRAPPER_EXTENSION = app;
			};
			name = Release;
		};
		846EA23D1A80F8B300056C69 /* Debug */ = {
			isa = XCBuildConfiguration;
			buildSettings = {
				COMBINE_HIDPI_IMAGES = YES;
				COPY_PHASE_STRIP = NO;
				DEAD_CODE_STRIPPING = YES;
				GCC_DYNAMIC_NO_PIC = NO;
				GCC_INLINES_ARE_PRIVATE_EXTERN = YES;
				GCC_OPTIMIZATION_LEVEL = 0;
				GCC_PRECOMPILE_PREFIX_HEADER = YES;
				GCC_PREFIX_HEADER = app_Prefix.pch;
				GCC_PREPROCESSOR_DEFINITIONS = (
					"DEBUG=1",
					"$(inherited)",
				);
				GCC_SYMBOLS_PRIVATE_EXTERN = NO;
				INFOPLIST_FILE = "$(SRCROOT)/Info.plist";
				INSTALL_PATH = "$(HOME)/Applications";
				LIBRARY_SEARCH_PATHS = (
					"$(inherited)",
					"/Users/mtbret/Desktop/CS/code/cinder/blocks/tbb/lib/libc++",
					/Users/mtbret/Desktop/CS/code/cinder/blocks/tbb/lib,
				);
				OTHER_LDFLAGS = "\"$(CINDER_PATH)/lib/libcinder_d.a\"";
				PRODUCT_MODULE_NAME = "$(PRODUCT_NAME)";
				PRODUCT_NAME = app.c_debug;
				SYMROOT = ./build;
				WRAPPER_EXTENSION = app;
			};
			name = Debug;
		};
		846EA23E1A80F8B300056C69 /* Release */ = {
			isa = XCBuildConfiguration;
			buildSettings = {
				COMBINE_HIDPI_IMAGES = YES;
				DEAD_CODE_STRIPPING = YES;
				DEBUG_INFORMATION_FORMAT = "dwarf-with-dsym";
				GCC_FAST_MATH = YES;
				GCC_GENERATE_DEBUGGING_SYMBOLS = NO;
				GCC_INLINES_ARE_PRIVATE_EXTERN = YES;
				GCC_OPTIMIZATION_LEVEL = 3;
				GCC_PRECOMPILE_PREFIX_HEADER = YES;
				GCC_PREFIX_HEADER = app_Prefix.pch;
				GCC_PREPROCESSOR_DEFINITIONS = (
					"NDEBUG=1",
					"$(inherited)",
				);
				GCC_SYMBOLS_PRIVATE_EXTERN = NO;
				INFOPLIST_FILE = "$(SRCROOT)/Info.plist";
				INSTALL_PATH = "$(HOME)/Applications";
				LIBRARY_SEARCH_PATHS = (
					"$(inherited)",
					"/Users/mtbret/Desktop/CS/code/cinder/blocks/tbb/lib/libc++",
					/Users/mtbret/Desktop/CS/code/cinder/blocks/tbb/lib,
				);
				OTHER_LDFLAGS = "\"$(CINDER_PATH)/lib/libcinder.a\"";
				PRODUCT_NAME = app.c;
				STRIP_INSTALLED_PRODUCT = YES;
				SYMROOT = ./build;
				WRAPPER_EXTENSION = app;
			};
			name = Release;
		};
		846EA2501A80F90000056C69 /* Debug */ = {
			isa = XCBuildConfiguration;
			buildSettings = {
				COMBINE_HIDPI_IMAGES = YES;
				COPY_PHASE_STRIP = NO;
				DEAD_CODE_STRIPPING = YES;
				GCC_DYNAMIC_NO_PIC = NO;
				GCC_INLINES_ARE_PRIVATE_EXTERN = YES;
				GCC_OPTIMIZATION_LEVEL = 0;
				GCC_PRECOMPILE_PREFIX_HEADER = YES;
				GCC_PREFIX_HEADER = app_Prefix.pch;
				GCC_PREPROCESSOR_DEFINITIONS = (
					"DEBUG=1",
					"$(inherited)",
				);
				GCC_SYMBOLS_PRIVATE_EXTERN = NO;
				INFOPLIST_FILE = "$(SRCROOT)/Info.plist";
				INSTALL_PATH = "$(HOME)/Applications";
				LIBRARY_SEARCH_PATHS = (
					"$(inherited)",
					"/Users/mtbret/Desktop/CS/code/cinder/blocks/tbb/lib/libc++",
					/Users/mtbret/Desktop/CS/code/cinder/blocks/tbb/lib,
				);
				OTHER_LDFLAGS = "\"$(CINDER_PATH)/lib/libcinder_d.a\"";
				PRODUCT_MODULE_NAME = "$(PRODUCT_NAME)";
				PRODUCT_NAME = app.d_debug;
				SYMROOT = ./build;
				WRAPPER_EXTENSION = app;
			};
			name = Debug;
		};
		846EA2511A80F90000056C69 /* Release */ = {
			isa = XCBuildConfiguration;
			buildSettings = {
				COMBINE_HIDPI_IMAGES = YES;
				DEAD_CODE_STRIPPING = YES;
				DEBUG_INFORMATION_FORMAT = "dwarf-with-dsym";
				GCC_FAST_MATH = YES;
				GCC_GENERATE_DEBUGGING_SYMBOLS = NO;
				GCC_INLINES_ARE_PRIVATE_EXTERN = YES;
				GCC_OPTIMIZATION_LEVEL = 3;
				GCC_PRECOMPILE_PREFIX_HEADER = YES;
				GCC_PREFIX_HEADER = app_Prefix.pch;
				GCC_PREPROCESSOR_DEFINITIONS = (
					"NDEBUG=1",
					"$(inherited)",
				);
				GCC_SYMBOLS_PRIVATE_EXTERN = NO;
				INFOPLIST_FILE = "$(SRCROOT)/Info.plist";
				INSTALL_PATH = "$(HOME)/Applications";
				LIBRARY_SEARCH_PATHS = (
					"$(inherited)",
					"/Users/mtbret/Desktop/CS/code/cinder/blocks/tbb/lib/libc++",
					/Users/mtbret/Desktop/CS/code/cinder/blocks/tbb/lib,
				);
				OTHER_LDFLAGS = "\"$(CINDER_PATH)/lib/libcinder.a\"";
				PRODUCT_NAME = app.d;
				STRIP_INSTALLED_PRODUCT = YES;
				SYMROOT = ./build;
				WRAPPER_EXTENSION = app;
			};
			name = Release;
		};
		C01FCF4B08A954540054247B /* Debug */ = {
			isa = XCBuildConfiguration;
			buildSettings = {
				COMBINE_HIDPI_IMAGES = YES;
				COPY_PHASE_STRIP = NO;
				DEAD_CODE_STRIPPING = YES;
				GCC_DYNAMIC_NO_PIC = NO;
				GCC_INLINES_ARE_PRIVATE_EXTERN = YES;
				GCC_OPTIMIZATION_LEVEL = 0;
				GCC_PRECOMPILE_PREFIX_HEADER = YES;
				GCC_PREFIX_HEADER = app_Prefix.pch;
				GCC_PREPROCESSOR_DEFINITIONS = (
					"DEBUG=1",
					"$(inherited)",
				);
				GCC_SYMBOLS_PRIVATE_EXTERN = NO;
				INFOPLIST_FILE = "$(SRCROOT)/Info.plist";
				INSTALL_PATH = "$(HOME)/Applications";
				LIBRARY_SEARCH_PATHS = (
					"$(inherited)",
					"/Users/mtbret/Desktop/CS/code/cinder/blocks/tbb/lib/libc++",
					/Users/mtbret/Desktop/CS/code/cinder/blocks/tbb/lib,
				);
				OTHER_LDFLAGS = "\"$(CINDER_PATH)/lib/libcinder_d.a\"";
				PRODUCT_MODULE_NAME = "$(PRODUCT_NAME)";
				PRODUCT_NAME = app.a_debug;
				SYMROOT = ./build;
				WRAPPER_EXTENSION = app;
			};
			name = Debug;
		};
		C01FCF4C08A954540054247B /* Release */ = {
			isa = XCBuildConfiguration;
			buildSettings = {
				COMBINE_HIDPI_IMAGES = YES;
				DEAD_CODE_STRIPPING = YES;
				DEBUG_INFORMATION_FORMAT = "dwarf-with-dsym";
				GCC_FAST_MATH = YES;
				GCC_GENERATE_DEBUGGING_SYMBOLS = NO;
				GCC_INLINES_ARE_PRIVATE_EXTERN = YES;
				GCC_OPTIMIZATION_LEVEL = 3;
				GCC_PRECOMPILE_PREFIX_HEADER = YES;
				GCC_PREFIX_HEADER = app_Prefix.pch;
				GCC_PREPROCESSOR_DEFINITIONS = (
					"NDEBUG=1",
					"$(inherited)",
				);
				GCC_SYMBOLS_PRIVATE_EXTERN = NO;
				INFOPLIST_FILE = "$(SRCROOT)/Info.plist";
				INSTALL_PATH = "$(HOME)/Applications";
				LIBRARY_SEARCH_PATHS = (
					"$(inherited)",
					"/Users/mtbret/Desktop/CS/code/cinder/blocks/tbb/lib/libc++",
					/Users/mtbret/Desktop/CS/code/cinder/blocks/tbb/lib,
				);
				OTHER_LDFLAGS = "\"$(CINDER_PATH)/lib/libcinder.a\"";
				PRODUCT_NAME = app.a;
				STRIP_INSTALLED_PRODUCT = YES;
				SYMROOT = ./build;
				WRAPPER_EXTENSION = app;
			};
			name = Release;
		};
		C01FCF4F08A954540054247B /* Debug */ = {
			isa = XCBuildConfiguration;
			buildSettings = {
				ALWAYS_SEARCH_USER_PATHS = NO;
				ARCHS = i386;
				CINDER_PATH = ../../../..;
				CLANG_CXX_LANGUAGE_STANDARD = "c++0x";
				CLANG_CXX_LIBRARY = "libc++";
				GCC_WARN_ABOUT_RETURN_TYPE = YES;
				GCC_WARN_UNUSED_VARIABLE = YES;
				HEADER_SEARCH_PATHS = "\"$(CINDER_PATH)/boost\"";
				LIBRARY_SEARCH_PATHS = "$(CINDER_PATH)/blocks/tbb/lib";
				MACOSX_DEPLOYMENT_TARGET = 10.7;
				SDKROOT = macosx;
				USER_HEADER_SEARCH_PATHS = "\"$(CINDER_PATH)/include\" ../include $(CINDER_PATH)/blocks/tbb/include";
			};
			name = Debug;
		};
		C01FCF5008A954540054247B /* Release */ = {
			isa = XCBuildConfiguration;
			buildSettings = {
				ALWAYS_SEARCH_USER_PATHS = NO;
				ARCHS = i386;
				CINDER_PATH = ../../../..;
				CLANG_CXX_LANGUAGE_STANDARD = "c++0x";
				CLANG_CXX_LIBRARY = "libc++";
				GCC_WARN_ABOUT_RETURN_TYPE = YES;
				GCC_WARN_UNUSED_VARIABLE = YES;
				HEADER_SEARCH_PATHS = "\"$(CINDER_PATH)/boost\"";
				LIBRARY_SEARCH_PATHS = "$(CINDER_PATH)/blocks/tbb/lib";
				MACOSX_DEPLOYMENT_TARGET = 10.7;
				SDKROOT = macosx;
				USER_HEADER_SEARCH_PATHS = "\"$(CINDER_PATH)/include\" ../include $(CINDER_PATH)/blocks/tbb/include";
			};
			name = Release;
		};
/* End XCBuildConfiguration section */

/* Begin XCConfigurationList section */
		6A908C731A7F45BB003A1461 /* Build configuration list for PBXNativeTarget "app.b" */ = {
			isa = XCConfigurationList;
			buildConfigurations = (
				6A908C741A7F45BB003A1461 /* Debug */,
				6A908C751A7F45BB003A1461 /* Release */,
			);
			defaultConfigurationIsVisible = 0;
			defaultConfigurationName = Release;
		};
		846EA23C1A80F8B300056C69 /* Build configuration list for PBXNativeTarget "app.c" */ = {
			isa = XCConfigurationList;
			buildConfigurations = (
				846EA23D1A80F8B300056C69 /* Debug */,
				846EA23E1A80F8B300056C69 /* Release */,
			);
			defaultConfigurationIsVisible = 0;
			defaultConfigurationName = Release;
		};
		846EA24F1A80F90000056C69 /* Build configuration list for PBXNativeTarget "app.d" */ = {
			isa = XCConfigurationList;
			buildConfigurations = (
				846EA2501A80F90000056C69 /* Debug */,
				846EA2511A80F90000056C69 /* Release */,
			);
			defaultConfigurationIsVisible = 0;
			defaultConfigurationName = Release;
		};
		C01FCF4A08A954540054247B /* Build configuration list for PBXNativeTarget "app.a" */ = {
			isa = XCConfigurationList;
			buildConfigurations = (
				C01FCF4B08A954540054247B /* Debug */,
				C01FCF4C08A954540054247B /* Release */,
			);
			defaultConfigurationIsVisible = 0;
			defaultConfigurationName = Release;
		};
		C01FCF4E08A954540054247B /* Build configuration list for PBXProject "_template" */ = {
			isa = XCConfigurationList;
			buildConfigurations = (
				C01FCF4F08A954540054247B /* Debug */,
				C01FCF5008A954540054247B /* Release */,
			);
			defaultConfigurationIsVisible = 0;
			defaultConfigurationName = Release;
		};
/* End XCConfigurationList section */
	};
	rootObject = 29B97313FDCFA39411CA2CEA /* Project object */;
}
